// !$*UTF8*$!
{
	archiveVersion = 1;
	classes = {
	};
	objectVersion = 46;
	objects = {

/* Begin PBXBuildFile section */
		768281A9217E25D600CC152A /* LNThreadPersistViewController.m in Sources */ = {isa = PBXBuildFile; fileRef = 7682819F217E25D600CC152A /* LNThreadPersistViewController.m */; };
		768281AA217E25D600CC152A /* LNThreadPersistViewController.xib in Resources */ = {isa = PBXBuildFile; fileRef = 768281A0217E25D600CC152A /* LNThreadPersistViewController.xib */; };
		768281AB217E25D600CC152A /* LNRunloopFixedTaskViewController.m in Sources */ = {isa = PBXBuildFile; fileRef = 768281A4217E25D600CC152A /* LNRunloopFixedTaskViewController.m */; };
		768281AC217E25D600CC152A /* LNRunLoopViewController.m in Sources */ = {isa = PBXBuildFile; fileRef = 768281A6217E25D600CC152A /* LNRunLoopViewController.m */; };
		768281AD217E25D600CC152A /* LNRunLoopViewController.xib in Resources */ = {isa = PBXBuildFile; fileRef = 768281A7217E25D600CC152A /* LNRunLoopViewController.xib */; };
		768281B1217E2B4A00CC152A /* LNRunloopFixedTaskViewController.xib in Resources */ = {isa = PBXBuildFile; fileRef = 768281B0217E2B4900CC152A /* LNRunloopFixedTaskViewController.xib */; };
		76B35AEF217D80920072040B /* 不知名开发者.png in Resources */ = {isa = PBXBuildFile; fileRef = 76B35A81217D80910072040B /* 不知名开发者.png */; };
		76B35AF0217D80920072040B /* main.m in Sources */ = {isa = PBXBuildFile; fileRef = 76B35A82217D80910072040B /* main.m */; };
		76B35AF1217D80920072040B /* status1.plist in Resources */ = {isa = PBXBuildFile; fileRef = 76B35A83217D80910072040B /* status1.plist */; };
		76B35AF2217D80920072040B /* status3.plist in Resources */ = {isa = PBXBuildFile; fileRef = 76B35A84217D80910072040B /* status3.plist */; };
		76B35AF3217D80920072040B /* AppDelegate.m in Sources */ = {isa = PBXBuildFile; fileRef = 76B35A85217D80910072040B /* AppDelegate.m */; };
		76B35AF4217D80920072040B /* status2.plist in Resources */ = {isa = PBXBuildFile; fileRef = 76B35A87217D80910072040B /* status2.plist */; };
		76B35AF5217D80920072040B /* SWRevealViewController.m in Sources */ = {isa = PBXBuildFile; fileRef = 76B35A8B217D80910072040B /* SWRevealViewController.m */; };
		76B35AF6217D80920072040B /* UIViewController+Example.m in Sources */ = {isa = PBXBuildFile; fileRef = 76B35A8D217D80910072040B /* UIViewController+Example.m */; };
		76B35AF7217D80920072040B /* LNRightViewController.m in Sources */ = {isa = PBXBuildFile; fileRef = 76B35A91217D80910072040B /* LNRightViewController.m */; };
		76B35AF8217D80920072040B /* LNLeftViewController.m in Sources */ = {isa = PBXBuildFile; fileRef = 76B35A98217D80910072040B /* LNLeftViewController.m */; };
		76B35B11217D80920072040B /* LNBaseViewController.m in Sources */ = {isa = PBXBuildFile; fileRef = 76B35AE2217D80910072040B /* LNBaseViewController.m */; };
		76B35B12217D80920072040B /* LNOperateBtn.m in Sources */ = {isa = PBXBuildFile; fileRef = 76B35AE5217D80910072040B /* LNOperateBtn.m */; };
		76B35B13217D80920072040B /* LNRootVC.m in Sources */ = {isa = PBXBuildFile; fileRef = 76B35AE7217D80910072040B /* LNRootVC.m */; };
		76B35B14217D80920072040B /* LNMainViewController.m in Sources */ = {isa = PBXBuildFile; fileRef = 76B35AE8217D80910072040B /* LNMainViewController.m */; };
		76B35B15217D80920072040B /* Assets.xcassets in Resources */ = {isa = PBXBuildFile; fileRef = 76B35AEB217D80910072040B /* Assets.xcassets */; };
		76B35B16217D80920072040B /* LaunchScreen.storyboard in Resources */ = {isa = PBXBuildFile; fileRef = 76B35AEC217D80910072040B /* LaunchScreen.storyboard */; };
		76B35B17217D80920072040B /* Info.plist in Resources */ = {isa = PBXBuildFile; fileRef = 76B35AEE217D80920072040B /* Info.plist */; };
		76B35B5C217D81000072040B /* LNExchangeMethodViewController.xib in Resources */ = {isa = PBXBuildFile; fileRef = 76B35B1C217D81000072040B /* LNExchangeMethodViewController.xib */; };
		76B35B5D217D81000072040B /* LNExchangeMethodViewController.m in Sources */ = {isa = PBXBuildFile; fileRef = 76B35B1D217D81000072040B /* LNExchangeMethodViewController.m */; };
		76B35B5E217D81000072040B /* LNAddAttributesViewController.m in Sources */ = {isa = PBXBuildFile; fileRef = 76B35B1F217D81000072040B /* LNAddAttributesViewController.m */; };
		76B35B5F217D81000072040B /* LNAddMethodsViewController.m in Sources */ = {isa = PBXBuildFile; fileRef = 76B35B22217D81000072040B /* LNAddMethodsViewController.m */; };
		76B35B60217D81000072040B /* RuntimeDictViewController.m in Sources */ = {isa = PBXBuildFile; fileRef = 76B35B26217D81000072040B /* RuntimeDictViewController.m */; };
		76B35B61217D81000072040B /* RuntimeDictViewController.xib in Resources */ = {isa = PBXBuildFile; fileRef = 76B35B27217D81000072040B /* RuntimeDictViewController.xib */; };
		76B35B62217D81000072040B /* LNDictViewController.m in Sources */ = {isa = PBXBuildFile; fileRef = 76B35B2B217D81000072040B /* LNDictViewController.m */; };
		76B35B63217D81000072040B /* LNMessageViewController.m in Sources */ = {isa = PBXBuildFile; fileRef = 76B35B2E217D81000072040B /* LNMessageViewController.m */; };
		76B35B64217D81000072040B /* NSObject+Property.m in Sources */ = {isa = PBXBuildFile; fileRef = 76B35B33217D81000072040B /* NSObject+Property.m */; };
		76B35B65217D81000072040B /* StatusItem.m in Sources */ = {isa = PBXBuildFile; fileRef = 76B35B36217D81000072040B /* StatusItem.m */; };
		76B35B66217D81000072040B /* NSObject+Model.m in Sources */ = {isa = PBXBuildFile; fileRef = 76B35B37217D81000072040B /* NSObject+Model.m */; };
		76B35B67217D81000072040B /* Person.m in Sources */ = {isa = PBXBuildFile; fileRef = 76B35B3B217D81000072040B /* Person.m */; };
		76B35B68217D81000072040B /* LNPerson.m in Sources */ = {isa = PBXBuildFile; fileRef = 76B35B3D217D81000072040B /* LNPerson.m */; };
		76B35B69217D81000072040B /* Array.m in Sources */ = {isa = PBXBuildFile; fileRef = 76B35B41217D81000072040B /* Array.m */; };
		76B35B6A217D81000072040B /* NSObject+Item.m in Sources */ = {isa = PBXBuildFile; fileRef = 76B35B43217D81000072040B /* NSObject+Item.m */; };
		76B35B6B217D81000072040B /* StatusItem3.m in Sources */ = {isa = PBXBuildFile; fileRef = 76B35B45217D81000072040B /* StatusItem3.m */; };
		76B35B6C217D81000072040B /* StatusItem2.m in Sources */ = {isa = PBXBuildFile; fileRef = 76B35B47217D81000072040B /* StatusItem2.m */; };
		76B35B6D217D81000072040B /* NSObject+Mod.m in Sources */ = {isa = PBXBuildFile; fileRef = 76B35B48217D81000072040B /* NSObject+Mod.m */; };
		76B35B6E217D81000072040B /* User.m in Sources */ = {isa = PBXBuildFile; fileRef = 76B35B49217D81000072040B /* User.m */; };
		76B35B6F217D81000072040B /* UIImage+Image.m in Sources */ = {isa = PBXBuildFile; fileRef = 76B35B4F217D81000072040B /* UIImage+Image.m */; };
		76B35B70217D81000072040B /* LNDog.m in Sources */ = {isa = PBXBuildFile; fileRef = 76B35B54217D81000072040B /* LNDog.m */; };
		76B35B71217D81000072040B /* LNStudent.m in Sources */ = {isa = PBXBuildFile; fileRef = 76B35B55217D81000072040B /* LNStudent.m */; };
		76B35B72217D81000072040B /* UITextField+TextField.m in Sources */ = {isa = PBXBuildFile; fileRef = 76B35B57217D81000072040B /* UITextField+TextField.m */; };
		76B35B73217D81000072040B /* LNTextField.m in Sources */ = {isa = PBXBuildFile; fileRef = 76B35B5A217D81000072040B /* LNTextField.m */; };
/* End PBXBuildFile section */

/* Begin PBXContainerItemProxy section */
		763FDB7B1E7D2F40004C7A7E /* PBXContainerItemProxy */ = {
			isa = PBXContainerItemProxy;
			containerPortal = 763FDB591E7D2F40004C7A7E /* Project object */;
			proxyType = 1;
			remoteGlobalIDString = 763FDB601E7D2F40004C7A7E;
			remoteInfo = "runtime Learning";
		};
		763FDB861E7D2F40004C7A7E /* PBXContainerItemProxy */ = {
			isa = PBXContainerItemProxy;
			containerPortal = 763FDB591E7D2F40004C7A7E /* Project object */;
			proxyType = 1;
			remoteGlobalIDString = 763FDB601E7D2F40004C7A7E;
			remoteInfo = "runtime Learning";
		};
/* End PBXContainerItemProxy section */

/* Begin PBXFileReference section */
		763FDB611E7D2F40004C7A7E /* LNRuntime.app */ = {isa = PBXFileReference; explicitFileType = wrapper.application; includeInIndex = 0; path = LNRuntime.app; sourceTree = BUILT_PRODUCTS_DIR; };
		763FDB7A1E7D2F40004C7A7E /* LNRuntimeTests.xctest */ = {isa = PBXFileReference; explicitFileType = wrapper.cfbundle; includeInIndex = 0; path = LNRuntimeTests.xctest; sourceTree = BUILT_PRODUCTS_DIR; };
		763FDB851E7D2F40004C7A7E /* LNRuntimeUITests.xctest */ = {isa = PBXFileReference; explicitFileType = wrapper.cfbundle; includeInIndex = 0; path = LNRuntimeUITests.xctest; sourceTree = BUILT_PRODUCTS_DIR; };
		7682819F217E25D600CC152A /* LNThreadPersistViewController.m */ = {isa = PBXFileReference; fileEncoding = 4; lastKnownFileType = sourcecode.c.objc; path = LNThreadPersistViewController.m; sourceTree = "<group>"; };
		768281A0217E25D600CC152A /* LNThreadPersistViewController.xib */ = {isa = PBXFileReference; fileEncoding = 4; lastKnownFileType = file.xib; path = LNThreadPersistViewController.xib; sourceTree = "<group>"; };
		768281A1217E25D600CC152A /* LNThreadPersistViewController.h */ = {isa = PBXFileReference; fileEncoding = 4; lastKnownFileType = sourcecode.c.h; path = LNThreadPersistViewController.h; sourceTree = "<group>"; };
		768281A3217E25D600CC152A /* LNRunloopFixedTaskViewController.h */ = {isa = PBXFileReference; fileEncoding = 4; lastKnownFileType = sourcecode.c.h; path = LNRunloopFixedTaskViewController.h; sourceTree = "<group>"; };
		768281A4217E25D600CC152A /* LNRunloopFixedTaskViewController.m */ = {isa = PBXFileReference; fileEncoding = 4; lastKnownFileType = sourcecode.c.objc; path = LNRunloopFixedTaskViewController.m; sourceTree = "<group>"; };
		768281A6217E25D600CC152A /* LNRunLoopViewController.m */ = {isa = PBXFileReference; fileEncoding = 4; lastKnownFileType = sourcecode.c.objc; path = LNRunLoopViewController.m; sourceTree = "<group>"; };
		768281A7217E25D600CC152A /* LNRunLoopViewController.xib */ = {isa = PBXFileReference; fileEncoding = 4; lastKnownFileType = file.xib; path = LNRunLoopViewController.xib; sourceTree = "<group>"; };
		768281A8217E25D600CC152A /* LNRunLoopViewController.h */ = {isa = PBXFileReference; fileEncoding = 4; lastKnownFileType = sourcecode.c.h; path = LNRunLoopViewController.h; sourceTree = "<group>"; };
		768281B0217E2B4900CC152A /* LNRunloopFixedTaskViewController.xib */ = {isa = PBXFileReference; fileEncoding = 4; lastKnownFileType = file.xib; path = LNRunloopFixedTaskViewController.xib; sourceTree = "<group>"; };
		76B35A80217D80910072040B /* AppDelegate.h */ = {isa = PBXFileReference; fileEncoding = 4; lastKnownFileType = sourcecode.c.h; path = AppDelegate.h; sourceTree = "<group>"; };
		76B35A81217D80910072040B /* 不知名开发者.png */ = {isa = PBXFileReference; lastKnownFileType = image.png; path = "不知名开发者.png"; sourceTree = "<group>"; };
		76B35A82217D80910072040B /* main.m */ = {isa = PBXFileReference; fileEncoding = 4; lastKnownFileType = sourcecode.c.objc; path = main.m; sourceTree = "<group>"; };
		76B35A83217D80910072040B /* status1.plist */ = {isa = PBXFileReference; fileEncoding = 4; lastKnownFileType = text.plist.xml; path = status1.plist; sourceTree = "<group>"; };
		76B35A84217D80910072040B /* status3.plist */ = {isa = PBXFileReference; fileEncoding = 4; lastKnownFileType = text.plist.xml; path = status3.plist; sourceTree = "<group>"; };
		76B35A85217D80910072040B /* AppDelegate.m */ = {isa = PBXFileReference; fileEncoding = 4; lastKnownFileType = sourcecode.c.objc; path = AppDelegate.m; sourceTree = "<group>"; };
		76B35A86217D80910072040B /* PrefixHeader.pch */ = {isa = PBXFileReference; fileEncoding = 4; lastKnownFileType = sourcecode.c.h; path = PrefixHeader.pch; sourceTree = "<group>"; };
		76B35A87217D80910072040B /* status2.plist */ = {isa = PBXFileReference; fileEncoding = 4; lastKnownFileType = text.plist.xml; path = status2.plist; sourceTree = "<group>"; };
		76B35A8A217D80910072040B /* SWRevealViewController.h */ = {isa = PBXFileReference; fileEncoding = 4; lastKnownFileType = sourcecode.c.h; path = SWRevealViewController.h; sourceTree = "<group>"; };
		76B35A8B217D80910072040B /* SWRevealViewController.m */ = {isa = PBXFileReference; fileEncoding = 4; lastKnownFileType = sourcecode.c.objc; path = SWRevealViewController.m; sourceTree = "<group>"; };
		76B35A8D217D80910072040B /* UIViewController+Example.m */ = {isa = PBXFileReference; fileEncoding = 4; lastKnownFileType = sourcecode.c.objc; path = "UIViewController+Example.m"; sourceTree = "<group>"; };
		76B35A8E217D80910072040B /* UIViewController+Example.h */ = {isa = PBXFileReference; fileEncoding = 4; lastKnownFileType = sourcecode.c.h; path = "UIViewController+Example.h"; sourceTree = "<group>"; };
		76B35A91217D80910072040B /* LNRightViewController.m */ = {isa = PBXFileReference; fileEncoding = 4; lastKnownFileType = sourcecode.c.objc; path = LNRightViewController.m; sourceTree = "<group>"; };
		76B35A92217D80910072040B /* LNRightViewController.h */ = {isa = PBXFileReference; fileEncoding = 4; lastKnownFileType = sourcecode.c.h; path = LNRightViewController.h; sourceTree = "<group>"; };
		76B35A97217D80910072040B /* LNLeftViewController.h */ = {isa = PBXFileReference; fileEncoding = 4; lastKnownFileType = sourcecode.c.h; path = LNLeftViewController.h; sourceTree = "<group>"; };
		76B35A98217D80910072040B /* LNLeftViewController.m */ = {isa = PBXFileReference; fileEncoding = 4; lastKnownFileType = sourcecode.c.objc; path = LNLeftViewController.m; sourceTree = "<group>"; };
		76B35AE2217D80910072040B /* LNBaseViewController.m */ = {isa = PBXFileReference; fileEncoding = 4; lastKnownFileType = sourcecode.c.objc; path = LNBaseViewController.m; sourceTree = "<group>"; };
		76B35AE3217D80910072040B /* LNOperateBtn.h */ = {isa = PBXFileReference; fileEncoding = 4; lastKnownFileType = sourcecode.c.h; path = LNOperateBtn.h; sourceTree = "<group>"; };
		76B35AE4217D80910072040B /* LNBaseViewController.h */ = {isa = PBXFileReference; fileEncoding = 4; lastKnownFileType = sourcecode.c.h; path = LNBaseViewController.h; sourceTree = "<group>"; };
		76B35AE5217D80910072040B /* LNOperateBtn.m */ = {isa = PBXFileReference; fileEncoding = 4; lastKnownFileType = sourcecode.c.objc; path = LNOperateBtn.m; sourceTree = "<group>"; };
		76B35AE7217D80910072040B /* LNRootVC.m */ = {isa = PBXFileReference; fileEncoding = 4; lastKnownFileType = sourcecode.c.objc; path = LNRootVC.m; sourceTree = "<group>"; };
		76B35AE8217D80910072040B /* LNMainViewController.m */ = {isa = PBXFileReference; fileEncoding = 4; lastKnownFileType = sourcecode.c.objc; path = LNMainViewController.m; sourceTree = "<group>"; };
		76B35AE9217D80910072040B /* LNRootVC.h */ = {isa = PBXFileReference; fileEncoding = 4; lastKnownFileType = sourcecode.c.h; path = LNRootVC.h; sourceTree = "<group>"; };
		76B35AEA217D80910072040B /* LNMainViewController.h */ = {isa = PBXFileReference; fileEncoding = 4; lastKnownFileType = sourcecode.c.h; path = LNMainViewController.h; sourceTree = "<group>"; };
		76B35AEB217D80910072040B /* Assets.xcassets */ = {isa = PBXFileReference; lastKnownFileType = folder.assetcatalog; path = Assets.xcassets; sourceTree = "<group>"; };
		76B35AED217D80910072040B /* Base */ = {isa = PBXFileReference; lastKnownFileType = file.storyboard; name = Base; path = Base.lproj/LaunchScreen.storyboard; sourceTree = "<group>"; };
		76B35AEE217D80920072040B /* Info.plist */ = {isa = PBXFileReference; fileEncoding = 4; lastKnownFileType = text.plist.xml; path = Info.plist; sourceTree = "<group>"; };
		76B35B1B217D81000072040B /* LNExchangeMethodViewController.h */ = {isa = PBXFileReference; fileEncoding = 4; lastKnownFileType = sourcecode.c.h; path = LNExchangeMethodViewController.h; sourceTree = "<group>"; };
		76B35B1C217D81000072040B /* LNExchangeMethodViewController.xib */ = {isa = PBXFileReference; fileEncoding = 4; lastKnownFileType = file.xib; path = LNExchangeMethodViewController.xib; sourceTree = "<group>"; };
		76B35B1D217D81000072040B /* LNExchangeMethodViewController.m */ = {isa = PBXFileReference; fileEncoding = 4; lastKnownFileType = sourcecode.c.objc; path = LNExchangeMethodViewController.m; sourceTree = "<group>"; };
		76B35B1F217D81000072040B /* LNAddAttributesViewController.m */ = {isa = PBXFileReference; fileEncoding = 4; lastKnownFileType = sourcecode.c.objc; path = LNAddAttributesViewController.m; sourceTree = "<group>"; };
		76B35B20217D81000072040B /* LNAddAttributesViewController.h */ = {isa = PBXFileReference; fileEncoding = 4; lastKnownFileType = sourcecode.c.h; path = LNAddAttributesViewController.h; sourceTree = "<group>"; };
		76B35B22217D81000072040B /* LNAddMethodsViewController.m */ = {isa = PBXFileReference; fileEncoding = 4; lastKnownFileType = sourcecode.c.objc; path = LNAddMethodsViewController.m; sourceTree = "<group>"; };
		76B35B23217D81000072040B /* LNAddMethodsViewController.h */ = {isa = PBXFileReference; fileEncoding = 4; lastKnownFileType = sourcecode.c.h; path = LNAddMethodsViewController.h; sourceTree = "<group>"; };
		76B35B26217D81000072040B /* RuntimeDictViewController.m */ = {isa = PBXFileReference; fileEncoding = 4; lastKnownFileType = sourcecode.c.objc; path = RuntimeDictViewController.m; sourceTree = "<group>"; };
		76B35B27217D81000072040B /* RuntimeDictViewController.xib */ = {isa = PBXFileReference; fileEncoding = 4; lastKnownFileType = file.xib; path = RuntimeDictViewController.xib; sourceTree = "<group>"; };
		76B35B28217D81000072040B /* RuntimeDictViewController.h */ = {isa = PBXFileReference; fileEncoding = 4; lastKnownFileType = sourcecode.c.h; path = RuntimeDictViewController.h; sourceTree = "<group>"; };
		76B35B2B217D81000072040B /* LNDictViewController.m */ = {isa = PBXFileReference; fileEncoding = 4; lastKnownFileType = sourcecode.c.objc; path = LNDictViewController.m; sourceTree = "<group>"; };
		76B35B2C217D81000072040B /* LNDictViewController.h */ = {isa = PBXFileReference; fileEncoding = 4; lastKnownFileType = sourcecode.c.h; path = LNDictViewController.h; sourceTree = "<group>"; };
		76B35B2E217D81000072040B /* LNMessageViewController.m */ = {isa = PBXFileReference; fileEncoding = 4; lastKnownFileType = sourcecode.c.objc; path = LNMessageViewController.m; sourceTree = "<group>"; };
		76B35B2F217D81000072040B /* LNMessageViewController.h */ = {isa = PBXFileReference; fileEncoding = 4; lastKnownFileType = sourcecode.c.h; path = LNMessageViewController.h; sourceTree = "<group>"; };
		76B35B32217D81000072040B /* NSObject+Property.h */ = {isa = PBXFileReference; fileEncoding = 4; lastKnownFileType = sourcecode.c.h; path = "NSObject+Property.h"; sourceTree = "<group>"; };
		76B35B33217D81000072040B /* NSObject+Property.m */ = {isa = PBXFileReference; fileEncoding = 4; lastKnownFileType = sourcecode.c.objc; path = "NSObject+Property.m"; sourceTree = "<group>"; };
		76B35B35217D81000072040B /* NSObject+Model.h */ = {isa = PBXFileReference; fileEncoding = 4; lastKnownFileType = sourcecode.c.h; path = "NSObject+Model.h"; sourceTree = "<group>"; };
		76B35B36217D81000072040B /* StatusItem.m */ = {isa = PBXFileReference; fileEncoding = 4; lastKnownFileType = sourcecode.c.objc; path = StatusItem.m; sourceTree = "<group>"; };
		76B35B37217D81000072040B /* NSObject+Model.m */ = {isa = PBXFileReference; fileEncoding = 4; lastKnownFileType = sourcecode.c.objc; path = "NSObject+Model.m"; sourceTree = "<group>"; };
		76B35B38217D81000072040B /* StatusItem.h */ = {isa = PBXFileReference; fileEncoding = 4; lastKnownFileType = sourcecode.c.h; path = StatusItem.h; sourceTree = "<group>"; };
		76B35B3A217D81000072040B /* Person.h */ = {isa = PBXFileReference; fileEncoding = 4; lastKnownFileType = sourcecode.c.h; path = Person.h; sourceTree = "<group>"; };
		76B35B3B217D81000072040B /* Person.m */ = {isa = PBXFileReference; fileEncoding = 4; lastKnownFileType = sourcecode.c.objc; path = Person.m; sourceTree = "<group>"; };
		76B35B3D217D81000072040B /* LNPerson.m */ = {isa = PBXFileReference; fileEncoding = 4; lastKnownFileType = sourcecode.c.objc; path = LNPerson.m; sourceTree = "<group>"; };
		76B35B3E217D81000072040B /* LNPerson.h */ = {isa = PBXFileReference; fileEncoding = 4; lastKnownFileType = sourcecode.c.h; path = LNPerson.h; sourceTree = "<group>"; };
		76B35B40217D81000072040B /* NSObject+Item.h */ = {isa = PBXFileReference; fileEncoding = 4; lastKnownFileType = sourcecode.c.h; path = "NSObject+Item.h"; sourceTree = "<group>"; };
		76B35B41217D81000072040B /* Array.m */ = {isa = PBXFileReference; fileEncoding = 4; lastKnownFileType = sourcecode.c.objc; path = Array.m; sourceTree = "<group>"; };
		76B35B42217D81000072040B /* StatusItem3.h */ = {isa = PBXFileReference; fileEncoding = 4; lastKnownFileType = sourcecode.c.h; path = StatusItem3.h; sourceTree = "<group>"; };
		76B35B43217D81000072040B /* NSObject+Item.m */ = {isa = PBXFileReference; fileEncoding = 4; lastKnownFileType = sourcecode.c.objc; path = "NSObject+Item.m"; sourceTree = "<group>"; };
		76B35B44217D81000072040B /* Array.h */ = {isa = PBXFileReference; fileEncoding = 4; lastKnownFileType = sourcecode.c.h; path = Array.h; sourceTree = "<group>"; };
		76B35B45217D81000072040B /* StatusItem3.m */ = {isa = PBXFileReference; fileEncoding = 4; lastKnownFileType = sourcecode.c.objc; path = StatusItem3.m; sourceTree = "<group>"; };
		76B35B47217D81000072040B /* StatusItem2.m */ = {isa = PBXFileReference; fileEncoding = 4; lastKnownFileType = sourcecode.c.objc; path = StatusItem2.m; sourceTree = "<group>"; };
		76B35B48217D81000072040B /* NSObject+Mod.m */ = {isa = PBXFileReference; fileEncoding = 4; lastKnownFileType = sourcecode.c.objc; path = "NSObject+Mod.m"; sourceTree = "<group>"; };
		76B35B49217D81000072040B /* User.m */ = {isa = PBXFileReference; fileEncoding = 4; lastKnownFileType = sourcecode.c.objc; path = User.m; sourceTree = "<group>"; };
		76B35B4A217D81000072040B /* StatusItem2.h */ = {isa = PBXFileReference; fileEncoding = 4; lastKnownFileType = sourcecode.c.h; path = StatusItem2.h; sourceTree = "<group>"; };
		76B35B4B217D81000072040B /* User.h */ = {isa = PBXFileReference; fileEncoding = 4; lastKnownFileType = sourcecode.c.h; path = User.h; sourceTree = "<group>"; };
		76B35B4C217D81000072040B /* NSObject+Mod.h */ = {isa = PBXFileReference; fileEncoding = 4; lastKnownFileType = sourcecode.c.h; path = "NSObject+Mod.h"; sourceTree = "<group>"; };
		76B35B4F217D81000072040B /* UIImage+Image.m */ = {isa = PBXFileReference; fileEncoding = 4; lastKnownFileType = sourcecode.c.objc; path = "UIImage+Image.m"; sourceTree = "<group>"; };
		76B35B50217D81000072040B /* UIImage+Image.h */ = {isa = PBXFileReference; fileEncoding = 4; lastKnownFileType = sourcecode.c.h; path = "UIImage+Image.h"; sourceTree = "<group>"; };
		76B35B52217D81000072040B /* LNStudent.h */ = {isa = PBXFileReference; fileEncoding = 4; lastKnownFileType = sourcecode.c.h; path = LNStudent.h; sourceTree = "<group>"; };
		76B35B53217D81000072040B /* LNDog.h */ = {isa = PBXFileReference; fileEncoding = 4; lastKnownFileType = sourcecode.c.h; path = LNDog.h; sourceTree = "<group>"; };
		76B35B54217D81000072040B /* LNDog.m */ = {isa = PBXFileReference; fileEncoding = 4; lastKnownFileType = sourcecode.c.objc; path = LNDog.m; sourceTree = "<group>"; };
		76B35B55217D81000072040B /* LNStudent.m */ = {isa = PBXFileReference; fileEncoding = 4; lastKnownFileType = sourcecode.c.objc; path = LNStudent.m; sourceTree = "<group>"; };
		76B35B57217D81000072040B /* UITextField+TextField.m */ = {isa = PBXFileReference; fileEncoding = 4; lastKnownFileType = sourcecode.c.objc; path = "UITextField+TextField.m"; sourceTree = "<group>"; };
		76B35B58217D81000072040B /* LNTextField.h */ = {isa = PBXFileReference; fileEncoding = 4; lastKnownFileType = sourcecode.c.h; path = LNTextField.h; sourceTree = "<group>"; };
		76B35B59217D81000072040B /* UITextField+TextField.h */ = {isa = PBXFileReference; fileEncoding = 4; lastKnownFileType = sourcecode.c.h; path = "UITextField+TextField.h"; sourceTree = "<group>"; };
		76B35B5A217D81000072040B /* LNTextField.m */ = {isa = PBXFileReference; fileEncoding = 4; lastKnownFileType = sourcecode.c.objc; path = LNTextField.m; sourceTree = "<group>"; };
/* End PBXFileReference section */

/* Begin PBXFrameworksBuildPhase section */
		763FDB5E1E7D2F40004C7A7E /* Frameworks */ = {
			isa = PBXFrameworksBuildPhase;
			buildActionMask = 2147483647;
			files = (
			);
			runOnlyForDeploymentPostprocessing = 0;
		};
		763FDB771E7D2F40004C7A7E /* Frameworks */ = {
			isa = PBXFrameworksBuildPhase;
			buildActionMask = 2147483647;
			files = (
			);
			runOnlyForDeploymentPostprocessing = 0;
		};
		763FDB821E7D2F40004C7A7E /* Frameworks */ = {
			isa = PBXFrameworksBuildPhase;
			buildActionMask = 2147483647;
			files = (
			);
			runOnlyForDeploymentPostprocessing = 0;
		};
/* End PBXFrameworksBuildPhase section */

/* Begin PBXGroup section */
		763FDB581E7D2F40004C7A7E = {
			isa = PBXGroup;
			children = (
				76B35A7D217D80910072040B /* LNRuntime */,
				763FDB621E7D2F40004C7A7E /* Products */,
			);
			sourceTree = "<group>";
		};
		763FDB621E7D2F40004C7A7E /* Products */ = {
			isa = PBXGroup;
			children = (
				763FDB611E7D2F40004C7A7E /* LNRuntime.app */,
				763FDB7A1E7D2F40004C7A7E /* LNRuntimeTests.xctest */,
				763FDB851E7D2F40004C7A7E /* LNRuntimeUITests.xctest */,
			);
			name = Products;
			sourceTree = "<group>";
		};
		7682819E217E25D600CC152A /* 常驻线程 */ = {
			isa = PBXGroup;
			children = (
				768281A1217E25D600CC152A /* LNThreadPersistViewController.h */,
				7682819F217E25D600CC152A /* LNThreadPersistViewController.m */,
				768281A0217E25D600CC152A /* LNThreadPersistViewController.xib */,
			);
			path = "常驻线程";
			sourceTree = "<group>";
		};
		768281A2217E25D600CC152A /* 固定间隔几秒执行任务 */ = {
			isa = PBXGroup;
			children = (
				768281A3217E25D600CC152A /* LNRunloopFixedTaskViewController.h */,
				768281A4217E25D600CC152A /* LNRunloopFixedTaskViewController.m */,
				768281B0217E2B4900CC152A /* LNRunloopFixedTaskViewController.xib */,
			);
			path = "固定间隔几秒执行任务";
			sourceTree = "<group>";
		};
		768281A5217E25D600CC152A /* 基本使用 */ = {
			isa = PBXGroup;
			children = (
				768281A8217E25D600CC152A /* LNRunLoopViewController.h */,
				768281A6217E25D600CC152A /* LNRunLoopViewController.m */,
				768281A7217E25D600CC152A /* LNRunLoopViewController.xib */,
			);
			path = "基本使用";
			sourceTree = "<group>";
		};
		76B35A7D217D80910072040B /* LNRuntime */ = {
			isa = PBXGroup;
			children = (
				76B35A7E217D80910072040B /* Classes */,
				76B35AEB217D80910072040B /* Assets.xcassets */,
				76B35AEE217D80920072040B /* Info.plist */,
				76B35AEC217D80910072040B /* LaunchScreen.storyboard */,
			);
			path = LNRuntime;
			sourceTree = "<group>";
		};
		76B35A7E217D80910072040B /* Classes */ = {
			isa = PBXGroup;
			children = (
				76B35A88217D80910072040B /* Lib */,
				76B35AE0217D80910072040B /* Tool */,
				76B35A9B217D80910072040B /* CenterPage */,
				76B35A95217D80910072040B /* LeftPage */,
				76B35A8F217D80910072040B /* RightPage */,
				76B35A7F217D80910072040B /* Other */,
			);
			path = Classes;
			sourceTree = "<group>";
		};
		76B35A7F217D80910072040B /* Other */ = {
			isa = PBXGroup;
			children = (
				76B35A80217D80910072040B /* AppDelegate.h */,
				76B35A85217D80910072040B /* AppDelegate.m */,
				76B35A82217D80910072040B /* main.m */,
				76B35A86217D80910072040B /* PrefixHeader.pch */,
				76B35A83217D80910072040B /* status1.plist */,
				76B35A87217D80910072040B /* status2.plist */,
				76B35A84217D80910072040B /* status3.plist */,
				76B35A81217D80910072040B /* 不知名开发者.png */,
			);
			path = Other;
			sourceTree = "<group>";
		};
		76B35A88217D80910072040B /* Lib */ = {
			isa = PBXGroup;
			children = (
				76B35A89217D80910072040B /* SWRevealViewController */,
				76B35A8C217D80910072040B /* 交换dealloc方法实现 */,
			);
			path = Lib;
			sourceTree = "<group>";
		};
		76B35A89217D80910072040B /* SWRevealViewController */ = {
			isa = PBXGroup;
			children = (
				76B35A8A217D80910072040B /* SWRevealViewController.h */,
				76B35A8B217D80910072040B /* SWRevealViewController.m */,
			);
			path = SWRevealViewController;
			sourceTree = "<group>";
		};
		76B35A8C217D80910072040B /* 交换dealloc方法实现 */ = {
			isa = PBXGroup;
			children = (
				76B35A8D217D80910072040B /* UIViewController+Example.m */,
				76B35A8E217D80910072040B /* UIViewController+Example.h */,
			);
			path = "交换dealloc方法实现";
			sourceTree = "<group>";
		};
		76B35A8F217D80910072040B /* RightPage */ = {
			isa = PBXGroup;
			children = (
				76B35A90217D80910072040B /* Controller */,
				76B35A93217D80910072040B /* Model */,
				76B35A94217D80910072040B /* View */,
			);
			path = RightPage;
			sourceTree = "<group>";
		};
		76B35A90217D80910072040B /* Controller */ = {
			isa = PBXGroup;
			children = (
				76B35A92217D80910072040B /* LNRightViewController.h */,
				76B35A91217D80910072040B /* LNRightViewController.m */,
			);
			path = Controller;
			sourceTree = "<group>";
		};
		76B35A93217D80910072040B /* Model */ = {
			isa = PBXGroup;
			children = (
			);
			path = Model;
			sourceTree = "<group>";
		};
		76B35A94217D80910072040B /* View */ = {
			isa = PBXGroup;
			children = (
			);
			path = View;
			sourceTree = "<group>";
		};
		76B35A95217D80910072040B /* LeftPage */ = {
			isa = PBXGroup;
			children = (
				76B35A96217D80910072040B /* Controller */,
				76B35A99217D80910072040B /* Model */,
				76B35A9A217D80910072040B /* View */,
			);
			path = LeftPage;
			sourceTree = "<group>";
		};
		76B35A96217D80910072040B /* Controller */ = {
			isa = PBXGroup;
			children = (
				76B35A97217D80910072040B /* LNLeftViewController.h */,
				76B35A98217D80910072040B /* LNLeftViewController.m */,
			);
			path = Controller;
			sourceTree = "<group>";
		};
		76B35A99217D80910072040B /* Model */ = {
			isa = PBXGroup;
			children = (
			);
			path = Model;
			sourceTree = "<group>";
		};
		76B35A9A217D80910072040B /* View */ = {
			isa = PBXGroup;
			children = (
			);
			path = View;
			sourceTree = "<group>";
		};
		76B35A9B217D80910072040B /* CenterPage */ = {
			isa = PBXGroup;
			children = (
				76B35B18217D81000072040B /* OC_runtime */,
				76B35B5B217D81000072040B /* Swift_runtime */,
				76B35B74217DA68B0072040B /* OC_Runloop */,
				76B35B75217DA68B0072040B /* Swift_Runloop */,
			);
			path = CenterPage;
			sourceTree = "<group>";
		};
		76B35AE0217D80910072040B /* Tool */ = {
			isa = PBXGroup;
			children = (
				76B35AE1217D80910072040B /* BaseVC */,
				76B35AE6217D80910072040B /* RootVC */,
			);
			path = Tool;
			sourceTree = "<group>";
		};
		76B35AE1217D80910072040B /* BaseVC */ = {
			isa = PBXGroup;
			children = (
				76B35AE4217D80910072040B /* LNBaseViewController.h */,
				76B35AE2217D80910072040B /* LNBaseViewController.m */,
				76B35AE3217D80910072040B /* LNOperateBtn.h */,
				76B35AE5217D80910072040B /* LNOperateBtn.m */,
			);
			path = BaseVC;
			sourceTree = "<group>";
		};
		76B35AE6217D80910072040B /* RootVC */ = {
			isa = PBXGroup;
			children = (
				76B35AEA217D80910072040B /* LNMainViewController.h */,
				76B35AE8217D80910072040B /* LNMainViewController.m */,
				76B35AE9217D80910072040B /* LNRootVC.h */,
				76B35AE7217D80910072040B /* LNRootVC.m */,
			);
			path = RootVC;
			sourceTree = "<group>";
		};
		76B35B18217D81000072040B /* OC_runtime */ = {
			isa = PBXGroup;
			children = (
				76B35B19217D81000072040B /* Controller */,
				76B35B4D217D81000072040B /* View */,
				76B35B30217D81000072040B /* Model */,
			);
			path = OC_runtime;
			sourceTree = "<group>";
		};
		76B35B19217D81000072040B /* Controller */ = {
			isa = PBXGroup;
			children = (
				76B35B2D217D81000072040B /* 消息机制 */,
				76B35B1E217D81000072040B /* 动态添加属性 */,
				76B35B21217D81000072040B /* 动态添加方法 */,
				76B35B1A217D81000072040B /* 动态交换两个方法实现 */,
				76B35B25217D81000072040B /* 字典转模型 */,
				76B35B2A217D81000072040B /* 字典转模型KVC实现 */,
				76B35B24217D81000072040B /* 拦截并替换方法 */,
				76B35B29217D81000072040B /* 实现NSCoding自动归档和解档 */,
			);
			path = Controller;
			sourceTree = "<group>";
		};
		76B35B1A217D81000072040B /* 动态交换两个方法实现 */ = {
			isa = PBXGroup;
			children = (
				76B35B1B217D81000072040B /* LNExchangeMethodViewController.h */,
				76B35B1D217D81000072040B /* LNExchangeMethodViewController.m */,
				76B35B1C217D81000072040B /* LNExchangeMethodViewController.xib */,
			);
			path = "动态交换两个方法实现";
			sourceTree = "<group>";
		};
		76B35B1E217D81000072040B /* 动态添加属性 */ = {
			isa = PBXGroup;
			children = (
				76B35B20217D81000072040B /* LNAddAttributesViewController.h */,
				76B35B1F217D81000072040B /* LNAddAttributesViewController.m */,
			);
			path = "动态添加属性";
			sourceTree = "<group>";
		};
		76B35B21217D81000072040B /* 动态添加方法 */ = {
			isa = PBXGroup;
			children = (
				76B35B23217D81000072040B /* LNAddMethodsViewController.h */,
				76B35B22217D81000072040B /* LNAddMethodsViewController.m */,
			);
			path = "动态添加方法";
			sourceTree = "<group>";
		};
		76B35B24217D81000072040B /* 拦截并替换方法 */ = {
			isa = PBXGroup;
			children = (
			);
			path = "拦截并替换方法";
			sourceTree = "<group>";
		};
		76B35B25217D81000072040B /* 字典转模型 */ = {
			isa = PBXGroup;
			children = (
				76B35B28217D81000072040B /* RuntimeDictViewController.h */,
				76B35B26217D81000072040B /* RuntimeDictViewController.m */,
				76B35B27217D81000072040B /* RuntimeDictViewController.xib */,
			);
			path = "字典转模型";
			sourceTree = "<group>";
		};
		76B35B29217D81000072040B /* 实现NSCoding自动归档和解档 */ = {
			isa = PBXGroup;
			children = (
			);
			path = "实现NSCoding自动归档和解档";
			sourceTree = "<group>";
		};
		76B35B2A217D81000072040B /* 字典转模型KVC实现 */ = {
			isa = PBXGroup;
			children = (
				76B35B2C217D81000072040B /* LNDictViewController.h */,
				76B35B2B217D81000072040B /* LNDictViewController.m */,
			);
			path = "字典转模型KVC实现";
			sourceTree = "<group>";
		};
		76B35B2D217D81000072040B /* 消息机制 */ = {
			isa = PBXGroup;
			children = (
				76B35B2F217D81000072040B /* LNMessageViewController.h */,
				76B35B2E217D81000072040B /* LNMessageViewController.m */,
			);
			path = "消息机制";
			sourceTree = "<group>";
		};
		76B35B30217D81000072040B /* Model */ = {
			isa = PBXGroup;
			children = (
				76B35B3C217D81000072040B /* runtime消息机制 */,
				76B35B39217D81000072040B /* runtime动态添加方法 */,
				76B35B31217D81000072040B /* runtime动态添加属性 */,
				76B35B34217D81000072040B /* runtime字典转模型1 */,
				76B35B3F217D81000072040B /* runtime字典转模型3 */,
				76B35B46217D81000072040B /* runtime字典转模型2 */,
			);
			path = Model;
			sourceTree = "<group>";
		};
		76B35B31217D81000072040B /* runtime动态添加属性 */ = {
			isa = PBXGroup;
			children = (
				76B35B32217D81000072040B /* NSObject+Property.h */,
				76B35B33217D81000072040B /* NSObject+Property.m */,
			);
			path = "runtime动态添加属性";
			sourceTree = "<group>";
		};
		76B35B34217D81000072040B /* runtime字典转模型1 */ = {
			isa = PBXGroup;
			children = (
				76B35B35217D81000072040B /* NSObject+Model.h */,
				76B35B37217D81000072040B /* NSObject+Model.m */,
				76B35B38217D81000072040B /* StatusItem.h */,
				76B35B36217D81000072040B /* StatusItem.m */,
			);
			path = "runtime字典转模型1";
			sourceTree = "<group>";
		};
		76B35B39217D81000072040B /* runtime动态添加方法 */ = {
			isa = PBXGroup;
			children = (
				76B35B3A217D81000072040B /* Person.h */,
				76B35B3B217D81000072040B /* Person.m */,
			);
			path = "runtime动态添加方法";
			sourceTree = "<group>";
		};
		76B35B3C217D81000072040B /* runtime消息机制 */ = {
			isa = PBXGroup;
			children = (
				76B35B3E217D81000072040B /* LNPerson.h */,
				76B35B3D217D81000072040B /* LNPerson.m */,
			);
			path = "runtime消息机制";
			sourceTree = "<group>";
		};
		76B35B3F217D81000072040B /* runtime字典转模型3 */ = {
			isa = PBXGroup;
			children = (
				76B35B44217D81000072040B /* Array.h */,
				76B35B41217D81000072040B /* Array.m */,
				76B35B40217D81000072040B /* NSObject+Item.h */,
				76B35B43217D81000072040B /* NSObject+Item.m */,
				76B35B42217D81000072040B /* StatusItem3.h */,
				76B35B45217D81000072040B /* StatusItem3.m */,
			);
			path = "runtime字典转模型3";
			sourceTree = "<group>";
		};
		76B35B46217D81000072040B /* runtime字典转模型2 */ = {
			isa = PBXGroup;
			children = (
				76B35B4C217D81000072040B /* NSObject+Mod.h */,
				76B35B48217D81000072040B /* NSObject+Mod.m */,
				76B35B4A217D81000072040B /* StatusItem2.h */,
				76B35B47217D81000072040B /* StatusItem2.m */,
				76B35B4B217D81000072040B /* User.h */,
				76B35B49217D81000072040B /* User.m */,
			);
			path = "runtime字典转模型2";
			sourceTree = "<group>";
		};
		76B35B4D217D81000072040B /* View */ = {
			isa = PBXGroup;
			children = (
				76B35B4E217D81000072040B /* 动态交换两个方法实现 */,
				76B35B51217D81000072040B /* Runtime字典转模型KVC实现 */,
				76B35B56217D81000072040B /* LNTextfield */,
			);
			path = View;
			sourceTree = "<group>";
		};
		76B35B4E217D81000072040B /* 动态交换两个方法实现 */ = {
			isa = PBXGroup;
			children = (
				76B35B50217D81000072040B /* UIImage+Image.h */,
				76B35B4F217D81000072040B /* UIImage+Image.m */,
			);
			path = "动态交换两个方法实现";
			sourceTree = "<group>";
		};
		76B35B51217D81000072040B /* Runtime字典转模型KVC实现 */ = {
			isa = PBXGroup;
			children = (
				76B35B53217D81000072040B /* LNDog.h */,
				76B35B54217D81000072040B /* LNDog.m */,
				76B35B52217D81000072040B /* LNStudent.h */,
				76B35B55217D81000072040B /* LNStudent.m */,
			);
			path = "Runtime字典转模型KVC实现";
			sourceTree = "<group>";
		};
		76B35B56217D81000072040B /* LNTextfield */ = {
			isa = PBXGroup;
			children = (
				76B35B58217D81000072040B /* LNTextField.h */,
				76B35B5A217D81000072040B /* LNTextField.m */,
				76B35B59217D81000072040B /* UITextField+TextField.h */,
				76B35B57217D81000072040B /* UITextField+TextField.m */,
			);
			path = LNTextfield;
			sourceTree = "<group>";
		};
		76B35B5B217D81000072040B /* Swift_runtime */ = {
			isa = PBXGroup;
			children = (
			);
			path = Swift_runtime;
			sourceTree = "<group>";
		};
		76B35B74217DA68B0072040B /* OC_Runloop */ = {
			isa = PBXGroup;
			children = (
				768281A5217E25D600CC152A /* 基本使用 */,
				7682819E217E25D600CC152A /* 常驻线程 */,
				768281A2217E25D600CC152A /* 固定间隔几秒执行任务 */,
			);
			path = OC_Runloop;
			sourceTree = "<group>";
		};
		76B35B75217DA68B0072040B /* Swift_Runloop */ = {
			isa = PBXGroup;
			children = (
			);
			path = Swift_Runloop;
			sourceTree = "<group>";
		};
/* End PBXGroup section */

/* Begin PBXNativeTarget section */
		763FDB601E7D2F40004C7A7E /* LNRuntime */ = {
			isa = PBXNativeTarget;
			buildConfigurationList = 763FDB8E1E7D2F40004C7A7E /* Build configuration list for PBXNativeTarget "LNRuntime" */;
			buildPhases = (
				763FDB5D1E7D2F40004C7A7E /* Sources */,
				763FDB5E1E7D2F40004C7A7E /* Frameworks */,
				763FDB5F1E7D2F40004C7A7E /* Resources */,
			);
			buildRules = (
			);
			dependencies = (
			);
			name = LNRuntime;
			productName = "runtime Learning";
			productReference = 763FDB611E7D2F40004C7A7E /* LNRuntime.app */;
			productType = "com.apple.product-type.application";
		};
		763FDB791E7D2F40004C7A7E /* LNRuntimeTests */ = {
			isa = PBXNativeTarget;
			buildConfigurationList = 763FDB911E7D2F40004C7A7E /* Build configuration list for PBXNativeTarget "LNRuntimeTests" */;
			buildPhases = (
				763FDB761E7D2F40004C7A7E /* Sources */,
				763FDB771E7D2F40004C7A7E /* Frameworks */,
				763FDB781E7D2F40004C7A7E /* Resources */,
			);
			buildRules = (
			);
			dependencies = (
				763FDB7C1E7D2F40004C7A7E /* PBXTargetDependency */,
			);
			name = LNRuntimeTests;
			productName = "runtime LearningTests";
			productReference = 763FDB7A1E7D2F40004C7A7E /* LNRuntimeTests.xctest */;
			productType = "com.apple.product-type.bundle.unit-test";
		};
		763FDB841E7D2F40004C7A7E /* LNRuntimeUITests */ = {
			isa = PBXNativeTarget;
			buildConfigurationList = 763FDB941E7D2F40004C7A7E /* Build configuration list for PBXNativeTarget "LNRuntimeUITests" */;
			buildPhases = (
				763FDB811E7D2F40004C7A7E /* Sources */,
				763FDB821E7D2F40004C7A7E /* Frameworks */,
				763FDB831E7D2F40004C7A7E /* Resources */,
			);
			buildRules = (
			);
			dependencies = (
				763FDB871E7D2F40004C7A7E /* PBXTargetDependency */,
			);
			name = LNRuntimeUITests;
			productName = "runtime LearningUITests";
			productReference = 763FDB851E7D2F40004C7A7E /* LNRuntimeUITests.xctest */;
			productType = "com.apple.product-type.bundle.ui-testing";
		};
/* End PBXNativeTarget section */

/* Begin PBXProject section */
		763FDB591E7D2F40004C7A7E /* Project object */ = {
			isa = PBXProject;
			attributes = {
				CLASSPREFIX = LN;
				LastUpgradeCheck = 0940;
				ORGANIZATIONNAME = "Learning point";
				TargetAttributes = {
					763FDB601E7D2F40004C7A7E = {
						CreatedOnToolsVersion = 8.1;
						ProvisioningStyle = Automatic;
					};
					763FDB791E7D2F40004C7A7E = {
						CreatedOnToolsVersion = 8.1;
						ProvisioningStyle = Automatic;
						TestTargetID = 763FDB601E7D2F40004C7A7E;
					};
					763FDB841E7D2F40004C7A7E = {
						CreatedOnToolsVersion = 8.1;
						ProvisioningStyle = Automatic;
						TestTargetID = 763FDB601E7D2F40004C7A7E;
					};
				};
			};
			buildConfigurationList = 763FDB5C1E7D2F40004C7A7E /* Build configuration list for PBXProject "LNRuntime" */;
			compatibilityVersion = "Xcode 3.2";
			developmentRegion = English;
			hasScannedForEncodings = 0;
			knownRegions = (
				en,
				Base,
			);
			mainGroup = 763FDB581E7D2F40004C7A7E;
			productRefGroup = 763FDB621E7D2F40004C7A7E /* Products */;
			projectDirPath = "";
			projectRoot = "";
			targets = (
				763FDB601E7D2F40004C7A7E /* LNRuntime */,
				763FDB791E7D2F40004C7A7E /* LNRuntimeTests */,
				763FDB841E7D2F40004C7A7E /* LNRuntimeUITests */,
			);
		};
/* End PBXProject section */

/* Begin PBXResourcesBuildPhase section */
		763FDB5F1E7D2F40004C7A7E /* Resources */ = {
			isa = PBXResourcesBuildPhase;
			buildActionMask = 2147483647;
			files = (
				76B35B5C217D81000072040B /* LNExchangeMethodViewController.xib in Resources */,
				76B35AF2217D80920072040B /* status3.plist in Resources */,
				76B35B16217D80920072040B /* LaunchScreen.storyboard in Resources */,
				76B35B17217D80920072040B /* Info.plist in Resources */,
				76B35AF4217D80920072040B /* status2.plist in Resources */,
				768281AA217E25D600CC152A /* LNThreadPersistViewController.xib in Resources */,
				768281AD217E25D600CC152A /* LNRunLoopViewController.xib in Resources */,
				76B35AF1217D80920072040B /* status1.plist in Resources */,
				768281B1217E2B4A00CC152A /* LNRunloopFixedTaskViewController.xib in Resources */,
				76B35B15217D80920072040B /* Assets.xcassets in Resources */,
				76B35AEF217D80920072040B /* 不知名开发者.png in Resources */,
				76B35B61217D81000072040B /* RuntimeDictViewController.xib in Resources */,
			);
			runOnlyForDeploymentPostprocessing = 0;
		};
		763FDB781E7D2F40004C7A7E /* Resources */ = {
			isa = PBXResourcesBuildPhase;
			buildActionMask = 2147483647;
			files = (
			);
			runOnlyForDeploymentPostprocessing = 0;
		};
		763FDB831E7D2F40004C7A7E /* Resources */ = {
			isa = PBXResourcesBuildPhase;
			buildActionMask = 2147483647;
			files = (
			);
			runOnlyForDeploymentPostprocessing = 0;
		};
/* End PBXResourcesBuildPhase section */

/* Begin PBXSourcesBuildPhase section */
		763FDB5D1E7D2F40004C7A7E /* Sources */ = {
			isa = PBXSourcesBuildPhase;
			buildActionMask = 2147483647;
			files = (
				76B35B6A217D81000072040B /* NSObject+Item.m in Sources */,
				76B35B71217D81000072040B /* LNStudent.m in Sources */,
				76B35B65217D81000072040B /* StatusItem.m in Sources */,
				76B35B6E217D81000072040B /* User.m in Sources */,
				76B35B66217D81000072040B /* NSObject+Model.m in Sources */,
				76B35B68217D81000072040B /* LNPerson.m in Sources */,
				76B35B67217D81000072040B /* Person.m in Sources */,
				76B35AF3217D80920072040B /* AppDelegate.m in Sources */,
				76B35B13217D80920072040B /* LNRootVC.m in Sources */,
				76B35B63217D81000072040B /* LNMessageViewController.m in Sources */,
				76B35B5D217D81000072040B /* LNExchangeMethodViewController.m in Sources */,
				76B35B73217D81000072040B /* LNTextField.m in Sources */,
				76B35B70217D81000072040B /* LNDog.m in Sources */,
				76B35B12217D80920072040B /* LNOperateBtn.m in Sources */,
				76B35B5F217D81000072040B /* LNAddMethodsViewController.m in Sources */,
				76B35B64217D81000072040B /* NSObject+Property.m in Sources */,
				76B35B60217D81000072040B /* RuntimeDictViewController.m in Sources */,
				76B35AF6217D80920072040B /* UIViewController+Example.m in Sources */,
				768281AB217E25D600CC152A /* LNRunloopFixedTaskViewController.m in Sources */,
				76B35AF0217D80920072040B /* main.m in Sources */,
				76B35B6C217D81000072040B /* StatusItem2.m in Sources */,
				76B35AF8217D80920072040B /* LNLeftViewController.m in Sources */,
				768281A9217E25D600CC152A /* LNThreadPersistViewController.m in Sources */,
				76B35B5E217D81000072040B /* LNAddAttributesViewController.m in Sources */,
				76B35B14217D80920072040B /* LNMainViewController.m in Sources */,
				76B35B72217D81000072040B /* UITextField+TextField.m in Sources */,
				76B35B62217D81000072040B /* LNDictViewController.m in Sources */,
				76B35B11217D80920072040B /* LNBaseViewController.m in Sources */,
				76B35AF5217D80920072040B /* SWRevealViewController.m in Sources */,
				76B35AF7217D80920072040B /* LNRightViewController.m in Sources */,
				768281AC217E25D600CC152A /* LNRunLoopViewController.m in Sources */,
				76B35B6B217D81000072040B /* StatusItem3.m in Sources */,
				76B35B6F217D81000072040B /* UIImage+Image.m in Sources */,
				76B35B6D217D81000072040B /* NSObject+Mod.m in Sources */,
				76B35B69217D81000072040B /* Array.m in Sources */,
			);
			runOnlyForDeploymentPostprocessing = 0;
		};
		763FDB761E7D2F40004C7A7E /* Sources */ = {
			isa = PBXSourcesBuildPhase;
			buildActionMask = 2147483647;
			files = (
			);
			runOnlyForDeploymentPostprocessing = 0;
		};
		763FDB811E7D2F40004C7A7E /* Sources */ = {
			isa = PBXSourcesBuildPhase;
			buildActionMask = 2147483647;
			files = (
			);
			runOnlyForDeploymentPostprocessing = 0;
		};
/* End PBXSourcesBuildPhase section */

/* Begin PBXTargetDependency section */
		763FDB7C1E7D2F40004C7A7E /* PBXTargetDependency */ = {
			isa = PBXTargetDependency;
			target = 763FDB601E7D2F40004C7A7E /* LNRuntime */;
			targetProxy = 763FDB7B1E7D2F40004C7A7E /* PBXContainerItemProxy */;
		};
		763FDB871E7D2F40004C7A7E /* PBXTargetDependency */ = {
			isa = PBXTargetDependency;
			target = 763FDB601E7D2F40004C7A7E /* LNRuntime */;
			targetProxy = 763FDB861E7D2F40004C7A7E /* PBXContainerItemProxy */;
		};
/* End PBXTargetDependency section */

/* Begin PBXVariantGroup section */
		76B35AEC217D80910072040B /* LaunchScreen.storyboard */ = {
			isa = PBXVariantGroup;
			children = (
				76B35AED217D80910072040B /* Base */,
			);
			name = LaunchScreen.storyboard;
			sourceTree = "<group>";
		};
/* End PBXVariantGroup section */

/* Begin XCBuildConfiguration section */
		763FDB8C1E7D2F40004C7A7E /* Debug */ = {
			isa = XCBuildConfiguration;
			buildSettings = {
				ALWAYS_SEARCH_USER_PATHS = NO;
				CLANG_ANALYZER_NONNULL = YES;
				CLANG_CXX_LANGUAGE_STANDARD = "gnu++0x";
				CLANG_CXX_LIBRARY = "libc++";
				CLANG_ENABLE_MODULES = YES;
				CLANG_ENABLE_OBJC_ARC = YES;
				CLANG_WARN_BLOCK_CAPTURE_AUTORELEASING = YES;
				CLANG_WARN_BOOL_CONVERSION = YES;
				CLANG_WARN_COMMA = YES;
				CLANG_WARN_CONSTANT_CONVERSION = YES;
				CLANG_WARN_DEPRECATED_OBJC_IMPLEMENTATIONS = YES;
				CLANG_WARN_DIRECT_OBJC_ISA_USAGE = YES_ERROR;
				CLANG_WARN_DOCUMENTATION_COMMENTS = YES;
				CLANG_WARN_EMPTY_BODY = YES;
				CLANG_WARN_ENUM_CONVERSION = YES;
				CLANG_WARN_INFINITE_RECURSION = YES;
				CLANG_WARN_INT_CONVERSION = YES;
				CLANG_WARN_NON_LITERAL_NULL_CONVERSION = YES;
				CLANG_WARN_OBJC_IMPLICIT_RETAIN_SELF = YES;
				CLANG_WARN_OBJC_LITERAL_CONVERSION = YES;
				CLANG_WARN_OBJC_ROOT_CLASS = YES_ERROR;
				CLANG_WARN_RANGE_LOOP_ANALYSIS = YES;
				CLANG_WARN_STRICT_PROTOTYPES = YES;
				CLANG_WARN_SUSPICIOUS_MOVE = YES;
				CLANG_WARN_SUSPICIOUS_MOVES = YES;
				CLANG_WARN_UNREACHABLE_CODE = YES;
				CLANG_WARN__DUPLICATE_METHOD_MATCH = YES;
				"CODE_SIGN_IDENTITY[sdk=iphoneos*]" = "iPhone Developer";
				COPY_PHASE_STRIP = NO;
				DEBUG_INFORMATION_FORMAT = dwarf;
				ENABLE_STRICT_OBJC_MSGSEND = YES;
				ENABLE_TESTABILITY = YES;
				GCC_C_LANGUAGE_STANDARD = gnu99;
				GCC_DYNAMIC_NO_PIC = NO;
				GCC_NO_COMMON_BLOCKS = YES;
				GCC_OPTIMIZATION_LEVEL = 0;
				GCC_PREPROCESSOR_DEFINITIONS = (
					"DEBUG=1",
					"$(inherited)",
				);
				GCC_WARN_64_TO_32_BIT_CONVERSION = YES;
				GCC_WARN_ABOUT_RETURN_TYPE = YES_ERROR;
				GCC_WARN_UNDECLARED_SELECTOR = YES;
				GCC_WARN_UNINITIALIZED_AUTOS = YES_AGGRESSIVE;
				GCC_WARN_UNUSED_FUNCTION = YES;
				GCC_WARN_UNUSED_VARIABLE = YES;
				IPHONEOS_DEPLOYMENT_TARGET = 10.1;
				MTL_ENABLE_DEBUG_INFO = YES;
				ONLY_ACTIVE_ARCH = YES;
				SDKROOT = iphoneos;
			};
			name = Debug;
		};
		763FDB8D1E7D2F40004C7A7E /* Release */ = {
			isa = XCBuildConfiguration;
			buildSettings = {
				ALWAYS_SEARCH_USER_PATHS = NO;
				CLANG_ANALYZER_NONNULL = YES;
				CLANG_CXX_LANGUAGE_STANDARD = "gnu++0x";
				CLANG_CXX_LIBRARY = "libc++";
				CLANG_ENABLE_MODULES = YES;
				CLANG_ENABLE_OBJC_ARC = YES;
				CLANG_WARN_BLOCK_CAPTURE_AUTORELEASING = YES;
				CLANG_WARN_BOOL_CONVERSION = YES;
				CLANG_WARN_COMMA = YES;
				CLANG_WARN_CONSTANT_CONVERSION = YES;
				CLANG_WARN_DEPRECATED_OBJC_IMPLEMENTATIONS = YES;
				CLANG_WARN_DIRECT_OBJC_ISA_USAGE = YES_ERROR;
				CLANG_WARN_DOCUMENTATION_COMMENTS = YES;
				CLANG_WARN_EMPTY_BODY = YES;
				CLANG_WARN_ENUM_CONVERSION = YES;
				CLANG_WARN_INFINITE_RECURSION = YES;
				CLANG_WARN_INT_CONVERSION = YES;
				CLANG_WARN_NON_LITERAL_NULL_CONVERSION = YES;
				CLANG_WARN_OBJC_IMPLICIT_RETAIN_SELF = YES;
				CLANG_WARN_OBJC_LITERAL_CONVERSION = YES;
				CLANG_WARN_OBJC_ROOT_CLASS = YES_ERROR;
				CLANG_WARN_RANGE_LOOP_ANALYSIS = YES;
				CLANG_WARN_STRICT_PROTOTYPES = YES;
				CLANG_WARN_SUSPICIOUS_MOVE = YES;
				CLANG_WARN_SUSPICIOUS_MOVES = YES;
				CLANG_WARN_UNREACHABLE_CODE = YES;
				CLANG_WARN__DUPLICATE_METHOD_MATCH = YES;
				"CODE_SIGN_IDENTITY[sdk=iphoneos*]" = "iPhone Developer";
				COPY_PHASE_STRIP = NO;
				DEBUG_INFORMATION_FORMAT = "dwarf-with-dsym";
				ENABLE_NS_ASSERTIONS = NO;
				ENABLE_STRICT_OBJC_MSGSEND = YES;
				GCC_C_LANGUAGE_STANDARD = gnu99;
				GCC_NO_COMMON_BLOCKS = YES;
				GCC_WARN_64_TO_32_BIT_CONVERSION = YES;
				GCC_WARN_ABOUT_RETURN_TYPE = YES_ERROR;
				GCC_WARN_UNDECLARED_SELECTOR = YES;
				GCC_WARN_UNINITIALIZED_AUTOS = YES_AGGRESSIVE;
				GCC_WARN_UNUSED_FUNCTION = YES;
				GCC_WARN_UNUSED_VARIABLE = YES;
				IPHONEOS_DEPLOYMENT_TARGET = 10.1;
				MTL_ENABLE_DEBUG_INFO = NO;
				SDKROOT = iphoneos;
				VALIDATE_PRODUCT = YES;
			};
			name = Release;
		};
		763FDB8F1E7D2F40004C7A7E /* Debug */ = {
			isa = XCBuildConfiguration;
			buildSettings = {
				ENABLE_STRICT_OBJC_MSGSEND = NO;
				GCC_PRECOMPILE_PREFIX_HEADER = YES;
				GCC_PREFIX_HEADER = LNRuntime/Classes/Other/PrefixHeader.pch;
				INFOPLIST_FILE = "$(SRCROOT)/LNRuntime/Info.plist";
				LD_RUNPATH_SEARCH_PATHS = "$(inherited) @executable_path/Frameworks";
				PRODUCT_BUNDLE_IDENTIFIER = com.CoderLN;
				PRODUCT_NAME = "$(TARGET_NAME)";
			};
			name = Debug;
		};
		763FDB901E7D2F40004C7A7E /* Release */ = {
			isa = XCBuildConfiguration;
			buildSettings = {
				ENABLE_STRICT_OBJC_MSGSEND = NO;
				GCC_PRECOMPILE_PREFIX_HEADER = YES;
				GCC_PREFIX_HEADER = LNRuntime/Classes/Other/PrefixHeader.pch;
				INFOPLIST_FILE = "$(SRCROOT)/LNRuntime/Info.plist";
				LD_RUNPATH_SEARCH_PATHS = "$(inherited) @executable_path/Frameworks";
				PRODUCT_BUNDLE_IDENTIFIER = com.CoderLN;
				PRODUCT_NAME = "$(TARGET_NAME)";
			};
			name = Release;
		};
		763FDB921E7D2F40004C7A7E /* Debug */ = {
			isa = XCBuildConfiguration;
			buildSettings = {
				BUNDLE_LOADER = "$(TEST_HOST)";
				INFOPLIST_FILE = "runtime LearningTests/Info.plist";
				LD_RUNPATH_SEARCH_PATHS = "$(inherited) @executable_path/Frameworks @loader_path/Frameworks";
				PRODUCT_BUNDLE_IDENTIFIER = "LN.runtime-LearningTests";
				PRODUCT_NAME = "$(TARGET_NAME)";
				TEST_HOST = "$(BUILT_PRODUCTS_DIR)/LNRuntime.app/LNRuntime";
			};
			name = Debug;
		};
		763FDB931E7D2F40004C7A7E /* Release */ = {
			isa = XCBuildConfiguration;
			buildSettings = {
				BUNDLE_LOADER = "$(TEST_HOST)";
				INFOPLIST_FILE = "runtime LearningTests/Info.plist";
				LD_RUNPATH_SEARCH_PATHS = "$(inherited) @executable_path/Frameworks @loader_path/Frameworks";
				PRODUCT_BUNDLE_IDENTIFIER = "LN.runtime-LearningTests";
				PRODUCT_NAME = "$(TARGET_NAME)";
				TEST_HOST = "$(BUILT_PRODUCTS_DIR)/LNRuntime.app/LNRuntime";
			};
			name = Release;
		};
		763FDB951E7D2F40004C7A7E /* Debug */ = {
			isa = XCBuildConfiguration;
			buildSettings = {
				INFOPLIST_FILE = "runtime LearningUITests/Info.plist";
				LD_RUNPATH_SEARCH_PATHS = "$(inherited) @executable_path/Frameworks @loader_path/Frameworks";
				PRODUCT_BUNDLE_IDENTIFIER = "LN.runtime-LearningUITests";
				PRODUCT_NAME = "$(TARGET_NAME)";
				TEST_TARGET_NAME = "runtime Learning";
			};
			name = Debug;
		};
		763FDB961E7D2F40004C7A7E /* Release */ = {
			isa = XCBuildConfiguration;
			buildSettings = {
				INFOPLIST_FILE = "runtime LearningUITests/Info.plist";
				LD_RUNPATH_SEARCH_PATHS = "$(inherited) @executable_path/Frameworks @loader_path/Frameworks";
				PRODUCT_BUNDLE_IDENTIFIER = "LN.runtime-LearningUITests";
				PRODUCT_NAME = "$(TARGET_NAME)";
				TEST_TARGET_NAME = "runtime Learning";
			};
			name = Release;
		};
/* End XCBuildConfiguration section */

/* Begin XCConfigurationList section */
		763FDB5C1E7D2F40004C7A7E /* Build configuration list for PBXProject "LNRuntime" */ = {
			isa = XCConfigurationList;
			buildConfigurations = (
				763FDB8C1E7D2F40004C7A7E /* Debug */,
				763FDB8D1E7D2F40004C7A7E /* Release */,
			);
			defaultConfigurationIsVisible = 0;
			defaultConfigurationName = Release;
		};
		763FDB8E1E7D2F40004C7A7E /* Build configuration list for PBXNativeTarget "LNRuntime" */ = {
			isa = XCConfigurationList;
			buildConfigurations = (
				763FDB8F1E7D2F40004C7A7E /* Debug */,
				763FDB901E7D2F40004C7A7E /* Release */,
			);
			defaultConfigurationIsVisible = 0;
			defaultConfigurationName = Release;
		};
		763FDB911E7D2F40004C7A7E /* Build configuration list for PBXNativeTarget "LNRuntimeTests" */ = {
			isa = XCConfigurationList;
			buildConfigurations = (
				763FDB921E7D2F40004C7A7E /* Debug */,
				763FDB931E7D2F40004C7A7E /* Release */,
			);
			defaultConfigurationIsVisible = 0;
			defaultConfigurationName = Release;
		};
		763FDB941E7D2F40004C7A7E /* Build configuration list for PBXNativeTarget "LNRuntimeUITests" */ = {
			isa = XCConfigurationList;
			buildConfigurations = (
				763FDB951E7D2F40004C7A7E /* Debug */,
				763FDB961E7D2F40004C7A7E /* Release */,
			);
			defaultConfigurationIsVisible = 0;
			defaultConfigurationName = Release;
		};
/* End XCConfigurationList section */
	};
	rootObject = 763FDB591E7D2F40004C7A7E /* Project object */;
}
