// !$*UTF8*$!
{
	archiveVersion = 1;
	classes = {
	};
	objectVersion = 46;
	objects = {

/* Begin PBXBuildFile section */
		928AEE981CC4731C009DBC1B /* main.m in Sources */ = {isa = PBXBuildFile; fileRef = 928AEE971CC4731C009DBC1B /* main.m */; };
		928AEE9B1CC4731C009DBC1B /* AppDelegate.m in Sources */ = {isa = PBXBuildFile; fileRef = 928AEE9A1CC4731C009DBC1B /* AppDelegate.m */; };
		928AEE9E1CC4731C009DBC1B /* ViewController.m in Sources */ = {isa = PBXBuildFile; fileRef = 928AEE9D1CC4731C009DBC1B /* ViewController.m */; };
		928AEEA11CC4731C009DBC1B /* Main.storyboard in Resources */ = {isa = PBXBuildFile; fileRef = 928AEE9F1CC4731C009DBC1B /* Main.storyboard */; };
		928AEEA31CC4731C009DBC1B /* Assets.xcassets in Resources */ = {isa = PBXBuildFile; fileRef = 928AEEA21CC4731C009DBC1B /* Assets.xcassets */; };
		928AEEA61CC4731C009DBC1B /* LaunchScreen.storyboard in Resources */ = {isa = PBXBuildFile; fileRef = 928AEEA41CC4731C009DBC1B /* LaunchScreen.storyboard */; };
		928AEEB11CC4731C009DBC1B /* WXSRuntimeTests.m in Sources */ = {isa = PBXBuildFile; fileRef = 928AEEB01CC4731C009DBC1B /* WXSRuntimeTests.m */; };
		928AEEBC1CC4731C009DBC1B /* WXSRuntimeUITests.m in Sources */ = {isa = PBXBuildFile; fileRef = 928AEEBB1CC4731C009DBC1B /* WXSRuntimeUITests.m */; };
		928AEECB1CC483BE009DBC1B /* WXSModel.m in Sources */ = {isa = PBXBuildFile; fileRef = 928AEECA1CC483BE009DBC1B /* WXSModel.m */; };
		92A0081C1CCF45F400852890 /* ShowExchange.m in Sources */ = {isa = PBXBuildFile; fileRef = 92A0081B1CCF45F400852890 /* ShowExchange.m */; };
		92E5E8021CC8690600135710 /* NSObject+AddProperty.m in Sources */ = {isa = PBXBuildFile; fileRef = 92E5E8011CC8690600135710 /* NSObject+AddProperty.m */; };
		92E5E80B1CC896E300135710 /* WXSMessage.m in Sources */ = {isa = PBXBuildFile; fileRef = 92E5E80A1CC896E300135710 /* WXSMessage.m */; };
		92E5E80E1CCA150E00135710 /* WXSMethod.m in Sources */ = {isa = PBXBuildFile; fileRef = 92E5E80D1CCA150E00135710 /* WXSMethod.m */; };
		92FA4E461CC5DA770034A0AB /* TestModel.m in Sources */ = {isa = PBXBuildFile; fileRef = 92FA4E451CC5DA770034A0AB /* TestModel.m */; };
		92FA4E491CC740EA0034A0AB /* UIViewController+WXSSwizzing.m in Sources */ = {isa = PBXBuildFile; fileRef = 92FA4E481CC740EA0034A0AB /* UIViewController+WXSSwizzing.m */; };
		92FA4E521CC783080034A0AB /* WXSHookViewController.m in Sources */ = {isa = PBXBuildFile; fileRef = 92FA4E511CC783080034A0AB /* WXSHookViewController.m */; };
/* End PBXBuildFile section */

/* Begin PBXContainerItemProxy section */
		928AEEAD1CC4731C009DBC1B /* PBXContainerItemProxy */ = {
			isa = PBXContainerItemProxy;
			containerPortal = 928AEE8B1CC4731C009DBC1B /* Project object */;
			proxyType = 1;
			remoteGlobalIDString = 928AEE921CC4731C009DBC1B;
			remoteInfo = WXSRuntime;
		};
		928AEEB81CC4731C009DBC1B /* PBXContainerItemProxy */ = {
			isa = PBXContainerItemProxy;
			containerPortal = 928AEE8B1CC4731C009DBC1B /* Project object */;
			proxyType = 1;
			remoteGlobalIDString = 928AEE921CC4731C009DBC1B;
			remoteInfo = WXSRuntime;
		};
/* End PBXContainerItemProxy section */

/* Begin PBXFileReference section */
		928AEE931CC4731C009DBC1B /* WXSRuntime.app */ = {isa = PBXFileReference; explicitFileType = wrapper.application; includeInIndex = 0; path = WXSRuntime.app; sourceTree = BUILT_PRODUCTS_DIR; };
		928AEE971CC4731C009DBC1B /* main.m */ = {isa = PBXFileReference; lastKnownFileType = sourcecode.c.objc; path = main.m; sourceTree = "<group>"; };
		928AEE991CC4731C009DBC1B /* AppDelegate.h */ = {isa = PBXFileReference; lastKnownFileType = sourcecode.c.h; path = AppDelegate.h; sourceTree = "<group>"; };
		928AEE9A1CC4731C009DBC1B /* AppDelegate.m */ = {isa = PBXFileReference; lastKnownFileType = sourcecode.c.objc; path = AppDelegate.m; sourceTree = "<group>"; };
		928AEE9C1CC4731C009DBC1B /* ViewController.h */ = {isa = PBXFileReference; lastKnownFileType = sourcecode.c.h; path = ViewController.h; sourceTree = "<group>"; };
		928AEE9D1CC4731C009DBC1B /* ViewController.m */ = {isa = PBXFileReference; lastKnownFileType = sourcecode.c.objc; path = ViewController.m; sourceTree = "<group>"; };
		928AEEA01CC4731C009DBC1B /* Base */ = {isa = PBXFileReference; lastKnownFileType = file.storyboard; name = Base; path = Base.lproj/Main.storyboard; sourceTree = "<group>"; };
		928AEEA21CC4731C009DBC1B /* Assets.xcassets */ = {isa = PBXFileReference; lastKnownFileType = folder.assetcatalog; path = Assets.xcassets; sourceTree = "<group>"; };
		928AEEA51CC4731C009DBC1B /* Base */ = {isa = PBXFileReference; lastKnownFileType = file.storyboard; name = Base; path = Base.lproj/LaunchScreen.storyboard; sourceTree = "<group>"; };
		928AEEA71CC4731C009DBC1B /* Info.plist */ = {isa = PBXFileReference; lastKnownFileType = text.plist.xml; path = Info.plist; sourceTree = "<group>"; };
		928AEEAC1CC4731C009DBC1B /* WXSRuntimeTests.xctest */ = {isa = PBXFileReference; explicitFileType = wrapper.cfbundle; includeInIndex = 0; path = WXSRuntimeTests.xctest; sourceTree = BUILT_PRODUCTS_DIR; };
		928AEEB01CC4731C009DBC1B /* WXSRuntimeTests.m */ = {isa = PBXFileReference; lastKnownFileType = sourcecode.c.objc; path = WXSRuntimeTests.m; sourceTree = "<group>"; };
		928AEEB21CC4731C009DBC1B /* Info.plist */ = {isa = PBXFileReference; lastKnownFileType = text.plist.xml; path = Info.plist; sourceTree = "<group>"; };
		928AEEB71CC4731C009DBC1B /* WXSRuntimeUITests.xctest */ = {isa = PBXFileReference; explicitFileType = wrapper.cfbundle; includeInIndex = 0; path = WXSRuntimeUITests.xctest; sourceTree = BUILT_PRODUCTS_DIR; };
		928AEEBB1CC4731C009DBC1B /* WXSRuntimeUITests.m */ = {isa = PBXFileReference; lastKnownFileType = sourcecode.c.objc; path = WXSRuntimeUITests.m; sourceTree = "<group>"; };
		928AEEBD1CC4731C009DBC1B /* Info.plist */ = {isa = PBXFileReference; lastKnownFileType = text.plist.xml; path = Info.plist; sourceTree = "<group>"; };
		928AEEC91CC483BE009DBC1B /* WXSModel.h */ = {isa = PBXFileReference; fileEncoding = 4; lastKnownFileType = sourcecode.c.h; path = WXSModel.h; sourceTree = "<group>"; };
		928AEECA1CC483BE009DBC1B /* WXSModel.m */ = {isa = PBXFileReference; fileEncoding = 4; lastKnownFileType = sourcecode.c.objc; path = WXSModel.m; sourceTree = "<group>"; };
		92A0081A1CCF45F400852890 /* ShowExchange.h */ = {isa = PBXFileReference; fileEncoding = 4; lastKnownFileType = sourcecode.c.h; path = ShowExchange.h; sourceTree = "<group>"; };
		92A0081B1CCF45F400852890 /* ShowExchange.m */ = {isa = PBXFileReference; fileEncoding = 4; lastKnownFileType = sourcecode.c.objc; path = ShowExchange.m; sourceTree = "<group>"; };
		92E5E8001CC8690600135710 /* NSObject+AddProperty.h */ = {isa = PBXFileReference; fileEncoding = 4; lastKnownFileType = sourcecode.c.h; path = "NSObject+AddProperty.h"; sourceTree = "<group>"; };
		92E5E8011CC8690600135710 /* NSObject+AddProperty.m */ = {isa = PBXFileReference; fileEncoding = 4; lastKnownFileType = sourcecode.c.objc; path = "NSObject+AddProperty.m"; sourceTree = "<group>"; };
		92E5E8091CC896E300135710 /* WXSMessage.h */ = {isa = PBXFileReference; fileEncoding = 4; lastKnownFileType = sourcecode.c.h; path = WXSMessage.h; sourceTree = "<group>"; };
		92E5E80A1CC896E300135710 /* WXSMessage.m */ = {isa = PBXFileReference; fileEncoding = 4; lastKnownFileType = sourcecode.c.objc; path = WXSMessage.m; sourceTree = "<group>"; };
		92E5E80C1CCA150D00135710 /* WXSMethod.h */ = {isa = PBXFileReference; fileEncoding = 4; lastKnownFileType = sourcecode.c.h; path = WXSMethod.h; sourceTree = "<group>"; };
		92E5E80D1CCA150E00135710 /* WXSMethod.m */ = {isa = PBXFileReference; fileEncoding = 4; lastKnownFileType = sourcecode.c.objc; path = WXSMethod.m; sourceTree = "<group>"; };
		92FA4E441CC5DA770034A0AB /* TestModel.h */ = {isa = PBXFileReference; fileEncoding = 4; lastKnownFileType = sourcecode.c.h; path = TestModel.h; sourceTree = "<group>"; };
		92FA4E451CC5DA770034A0AB /* TestModel.m */ = {isa = PBXFileReference; fileEncoding = 4; lastKnownFileType = sourcecode.c.objc; path = TestModel.m; sourceTree = "<group>"; };
		92FA4E471CC740EA0034A0AB /* UIViewController+WXSSwizzing.h */ = {isa = PBXFileReference; fileEncoding = 4; lastKnownFileType = sourcecode.c.h; path = "UIViewController+WXSSwizzing.h"; sourceTree = "<group>"; };
		92FA4E481CC740EA0034A0AB /* UIViewController+WXSSwizzing.m */ = {isa = PBXFileReference; fileEncoding = 4; lastKnownFileType = sourcecode.c.objc; path = "UIViewController+WXSSwizzing.m"; sourceTree = "<group>"; };
		92FA4E501CC783080034A0AB /* WXSHookViewController.h */ = {isa = PBXFileReference; fileEncoding = 4; lastKnownFileType = sourcecode.c.h; path = WXSHookViewController.h; sourceTree = "<group>"; };
		92FA4E511CC783080034A0AB /* WXSHookViewController.m */ = {isa = PBXFileReference; fileEncoding = 4; lastKnownFileType = sourcecode.c.objc; path = WXSHookViewController.m; sourceTree = "<group>"; };
/* End PBXFileReference section */

/* Begin PBXFrameworksBuildPhase section */
		928AEE901CC4731C009DBC1B /* Frameworks */ = {
			isa = PBXFrameworksBuildPhase;
			buildActionMask = 2147483647;
			files = (
			);
			runOnlyForDeploymentPostprocessing = 0;
		};
		928AEEA91CC4731C009DBC1B /* Frameworks */ = {
			isa = PBXFrameworksBuildPhase;
			buildActionMask = 2147483647;
			files = (
			);
			runOnlyForDeploymentPostprocessing = 0;
		};
		928AEEB41CC4731C009DBC1B /* Frameworks */ = {
			isa = PBXFrameworksBuildPhase;
			buildActionMask = 2147483647;
			files = (
			);
			runOnlyForDeploymentPostprocessing = 0;
		};
/* End PBXFrameworksBuildPhase section */

/* Begin PBXGroup section */
		928AEE8A1CC4731C009DBC1B = {
			isa = PBXGroup;
			children = (
				928AEE951CC4731C009DBC1B /* WXSRuntime */,
				928AEEAF1CC4731C009DBC1B /* WXSRuntimeTests */,
				928AEEBA1CC4731C009DBC1B /* WXSRuntimeUITests */,
				928AEE941CC4731C009DBC1B /* Products */,
			);
			sourceTree = "<group>";
		};
		928AEE941CC4731C009DBC1B /* Products */ = {
			isa = PBXGroup;
			children = (
				928AEE931CC4731C009DBC1B /* WXSRuntime.app */,
				928AEEAC1CC4731C009DBC1B /* WXSRuntimeTests.xctest */,
				928AEEB71CC4731C009DBC1B /* WXSRuntimeUITests.xctest */,
			);
			name = Products;
			sourceTree = "<group>";
		};
		928AEE951CC4731C009DBC1B /* WXSRuntime */ = {
			isa = PBXGroup;
			children = (
				928AEE991CC4731C009DBC1B /* AppDelegate.h */,
				928AEE9A1CC4731C009DBC1B /* AppDelegate.m */,
				928AEE9C1CC4731C009DBC1B /* ViewController.h */,
				928AEE9D1CC4731C009DBC1B /* ViewController.m */,
				92FA4E441CC5DA770034A0AB /* TestModel.h */,
				92FA4E451CC5DA770034A0AB /* TestModel.m */,
				928AEEC91CC483BE009DBC1B /* WXSModel.h */,
				928AEECA1CC483BE009DBC1B /* WXSModel.m */,
				92FA4E471CC740EA0034A0AB /* UIViewController+WXSSwizzing.h */,
				92FA4E481CC740EA0034A0AB /* UIViewController+WXSSwizzing.m */,
				92A0081A1CCF45F400852890 /* ShowExchange.h */,
				92A0081B1CCF45F400852890 /* ShowExchange.m */,
				92FA4E501CC783080034A0AB /* WXSHookViewController.h */,
				92FA4E511CC783080034A0AB /* WXSHookViewController.m */,
				92E5E8001CC8690600135710 /* NSObject+AddProperty.h */,
				92E5E8011CC8690600135710 /* NSObject+AddProperty.m */,
				92E5E8091CC896E300135710 /* WXSMessage.h */,
				92E5E80A1CC896E300135710 /* WXSMessage.m */,
				92E5E80C1CCA150D00135710 /* WXSMethod.h */,
				92E5E80D1CCA150E00135710 /* WXSMethod.m */,
				928AEE9F1CC4731C009DBC1B /* Main.storyboard */,
				928AEEA21CC4731C009DBC1B /* Assets.xcassets */,
				928AEEA41CC4731C009DBC1B /* LaunchScreen.storyboard */,
				928AEEA71CC4731C009DBC1B /* Info.plist */,
				928AEE961CC4731C009DBC1B /* Supporting Files */,
			);
			path = WXSRuntime;
			sourceTree = "<group>";
		};
		928AEE961CC4731C009DBC1B /* Supporting Files */ = {
			isa = PBXGroup;
			children = (
				928AEE971CC4731C009DBC1B /* main.m */,
			);
			name = "Supporting Files";
			sourceTree = "<group>";
		};
		928AEEAF1CC4731C009DBC1B /* WXSRuntimeTests */ = {
			isa = PBXGroup;
			children = (
				928AEEB01CC4731C009DBC1B /* WXSRuntimeTests.m */,
				928AEEB21CC4731C009DBC1B /* Info.plist */,
			);
			path = WXSRuntimeTests;
			sourceTree = "<group>";
		};
		928AEEBA1CC4731C009DBC1B /* WXSRuntimeUITests */ = {
			isa = PBXGroup;
			children = (
				928AEEBB1CC4731C009DBC1B /* WXSRuntimeUITests.m */,
				928AEEBD1CC4731C009DBC1B /* Info.plist */,
			);
			path = WXSRuntimeUITests;
			sourceTree = "<group>";
		};
/* End PBXGroup section */

/* Begin PBXNativeTarget section */
		928AEE921CC4731C009DBC1B /* WXSRuntime */ = {
			isa = PBXNativeTarget;
			buildConfigurationList = 928AEEC01CC4731C009DBC1B /* Build configuration list for PBXNativeTarget "WXSRuntime" */;
			buildPhases = (
				928AEE8F1CC4731C009DBC1B /* Sources */,
				928AEE901CC4731C009DBC1B /* Frameworks */,
				928AEE911CC4731C009DBC1B /* Resources */,
			);
			buildRules = (
			);
			dependencies = (
			);
			name = WXSRuntime;
			productName = WXSRuntime;
			productReference = 928AEE931CC4731C009DBC1B /* WXSRuntime.app */;
			productType = "com.apple.product-type.application";
		};
		928AEEAB1CC4731C009DBC1B /* WXSRuntimeTests */ = {
			isa = PBXNativeTarget;
			buildConfigurationList = 928AEEC31CC4731C009DBC1B /* Build configuration list for PBXNativeTarget "WXSRuntimeTests" */;
			buildPhases = (
				928AEEA81CC4731C009DBC1B /* Sources */,
				928AEEA91CC4731C009DBC1B /* Frameworks */,
				928AEEAA1CC4731C009DBC1B /* Resources */,
			);
			buildRules = (
			);
			dependencies = (
				928AEEAE1CC4731C009DBC1B /* PBXTargetDependency */,
			);
			name = WXSRuntimeTests;
			productName = WXSRuntimeTests;
			productReference = 928AEEAC1CC4731C009DBC1B /* WXSRuntimeTests.xctest */;
			productType = "com.apple.product-type.bundle.unit-test";
		};
		928AEEB61CC4731C009DBC1B /* WXSRuntimeUITests */ = {
			isa = PBXNativeTarget;
			buildConfigurationList = 928AEEC61CC4731C009DBC1B /* Build configuration list for PBXNativeTarget "WXSRuntimeUITests" */;
			buildPhases = (
				928AEEB31CC4731C009DBC1B /* Sources */,
				928AEEB41CC4731C009DBC1B /* Frameworks */,
				928AEEB51CC4731C009DBC1B /* Resources */,
			);
			buildRules = (
			);
			dependencies = (
				928AEEB91CC4731C009DBC1B /* PBXTargetDependency */,
			);
			name = WXSRuntimeUITests;
			productName = WXSRuntimeUITests;
			productReference = 928AEEB71CC4731C009DBC1B /* WXSRuntimeUITests.xctest */;
			productType = "com.apple.product-type.bundle.ui-testing";
		};
/* End PBXNativeTarget section */

/* Begin PBXProject section */
		928AEE8B1CC4731C009DBC1B /* Project object */ = {
			isa = PBXProject;
			attributes = {
				LastUpgradeCheck = 0720;
				ORGANIZATIONNAME = "王小树";
				TargetAttributes = {
					928AEE921CC4731C009DBC1B = {
						CreatedOnToolsVersion = 7.2.1;
					};
					928AEEAB1CC4731C009DBC1B = {
						CreatedOnToolsVersion = 7.2.1;
						TestTargetID = 928AEE921CC4731C009DBC1B;
					};
					928AEEB61CC4731C009DBC1B = {
						CreatedOnToolsVersion = 7.2.1;
						TestTargetID = 928AEE921CC4731C009DBC1B;
					};
				};
			};
			buildConfigurationList = 928AEE8E1CC4731C009DBC1B /* Build configuration list for PBXProject "WXSRuntime" */;
			compatibilityVersion = "Xcode 3.2";
			developmentRegion = English;
			hasScannedForEncodings = 0;
			knownRegions = (
				en,
				Base,
			);
			mainGroup = 928AEE8A1CC4731C009DBC1B;
			productRefGroup = 928AEE941CC4731C009DBC1B /* Products */;
			projectDirPath = "";
			projectRoot = "";
			targets = (
				928AEE921CC4731C009DBC1B /* WXSRuntime */,
				928AEEAB1CC4731C009DBC1B /* WXSRuntimeTests */,
				928AEEB61CC4731C009DBC1B /* WXSRuntimeUITests */,
			);
		};
/* End PBXProject section */

/* Begin PBXResourcesBuildPhase section */
		928AEE911CC4731C009DBC1B /* Resources */ = {
			isa = PBXResourcesBuildPhase;
			buildActionMask = 2147483647;
			files = (
				928AEEA61CC4731C009DBC1B /* LaunchScreen.storyboard in Resources */,
				928AEEA31CC4731C009DBC1B /* Assets.xcassets in Resources */,
				928AEEA11CC4731C009DBC1B /* Main.storyboard in Resources */,
			);
			runOnlyForDeploymentPostprocessing = 0;
		};
		928AEEAA1CC4731C009DBC1B /* Resources */ = {
			isa = PBXResourcesBuildPhase;
			buildActionMask = 2147483647;
			files = (
			);
			runOnlyForDeploymentPostprocessing = 0;
		};
		928AEEB51CC4731C009DBC1B /* Resources */ = {
			isa = PBXResourcesBuildPhase;
			buildActionMask = 2147483647;
			files = (
			);
			runOnlyForDeploymentPostprocessing = 0;
		};
/* End PBXResourcesBuildPhase section */

/* Begin PBXSourcesBuildPhase section */
		928AEE8F1CC4731C009DBC1B /* Sources */ = {
			isa = PBXSourcesBuildPhase;
			buildActionMask = 2147483647;
			files = (
				928AEECB1CC483BE009DBC1B /* WXSModel.m in Sources */,
				92A0081C1CCF45F400852890 /* ShowExchange.m in Sources */,
				92E5E80B1CC896E300135710 /* WXSMessage.m in Sources */,
				92FA4E461CC5DA770034A0AB /* TestModel.m in Sources */,
				92E5E8021CC8690600135710 /* NSObject+AddProperty.m in Sources */,
				92FA4E521CC783080034A0AB /* WXSHookViewController.m in Sources */,
				928AEE9E1CC4731C009DBC1B /* ViewController.m in Sources */,
				928AEE9B1CC4731C009DBC1B /* AppDelegate.m in Sources */,
				92FA4E491CC740EA0034A0AB /* UIViewController+WXSSwizzing.m in Sources */,
				928AEE981CC4731C009DBC1B /* main.m in Sources */,
				92E5E80E1CCA150E00135710 /* WXSMethod.m in Sources */,
			);
			runOnlyForDeploymentPostprocessing = 0;
		};
		928AEEA81CC4731C009DBC1B /* Sources */ = {
			isa = PBXSourcesBuildPhase;
			buildActionMask = 2147483647;
			files = (
				928AEEB11CC4731C009DBC1B /* WXSRuntimeTests.m in Sources */,
			);
			runOnlyForDeploymentPostprocessing = 0;
		};
		928AEEB31CC4731C009DBC1B /* Sources */ = {
			isa = PBXSourcesBuildPhase;
			buildActionMask = 2147483647;
			files = (
				928AEEBC1CC4731C009DBC1B /* WXSRuntimeUITests.m in Sources */,
			);
			runOnlyForDeploymentPostprocessing = 0;
		};
/* End PBXSourcesBuildPhase section */

/* Begin PBXTargetDependency section */
		928AEEAE1CC4731C009DBC1B /* PBXTargetDependency */ = {
			isa = PBXTargetDependency;
			target = 928AEE921CC4731C009DBC1B /* WXSRuntime */;
			targetProxy = 928AEEAD1CC4731C009DBC1B /* PBXContainerItemProxy */;
		};
		928AEEB91CC4731C009DBC1B /* PBXTargetDependency */ = {
			isa = PBXTargetDependency;
			target = 928AEE921CC4731C009DBC1B /* WXSRuntime */;
			targetProxy = 928AEEB81CC4731C009DBC1B /* PBXContainerItemProxy */;
		};
/* End PBXTargetDependency section */

/* Begin PBXVariantGroup section */
		928AEE9F1CC4731C009DBC1B /* Main.storyboard */ = {
			isa = PBXVariantGroup;
			children = (
				928AEEA01CC4731C009DBC1B /* Base */,
			);
			name = Main.storyboard;
			sourceTree = "<group>";
		};
		928AEEA41CC4731C009DBC1B /* LaunchScreen.storyboard */ = {
			isa = PBXVariantGroup;
			children = (
				928AEEA51CC4731C009DBC1B /* Base */,
			);
			name = LaunchScreen.storyboard;
			sourceTree = "<group>";
		};
/* End PBXVariantGroup section */

/* Begin XCBuildConfiguration section */
		928AEEBE1CC4731C009DBC1B /* Debug */ = {
			isa = XCBuildConfiguration;
			buildSettings = {
				ALWAYS_SEARCH_USER_PATHS = NO;
				CLANG_CXX_LANGUAGE_STANDARD = "gnu++0x";
				CLANG_CXX_LIBRARY = "libc++";
				CLANG_ENABLE_MODULES = YES;
				CLANG_ENABLE_OBJC_ARC = YES;
				CLANG_WARN_BOOL_CONVERSION = YES;
				CLANG_WARN_CONSTANT_CONVERSION = YES;
				CLANG_WARN_DIRECT_OBJC_ISA_USAGE = YES_ERROR;
				CLANG_WARN_EMPTY_BODY = YES;
				CLANG_WARN_ENUM_CONVERSION = YES;
				CLANG_WARN_INT_CONVERSION = YES;
				CLANG_WARN_OBJC_ROOT_CLASS = YES_ERROR;
				CLANG_WARN_UNREACHABLE_CODE = YES;
				CLANG_WARN__DUPLICATE_METHOD_MATCH = YES;
				"CODE_SIGN_IDENTITY[sdk=iphoneos*]" = "iPhone Developer";
				COPY_PHASE_STRIP = NO;
				DEBUG_INFORMATION_FORMAT = dwarf;
				ENABLE_STRICT_OBJC_MSGSEND = YES;
				ENABLE_TESTABILITY = YES;
				GCC_C_LANGUAGE_STANDARD = gnu99;
				GCC_DYNAMIC_NO_PIC = NO;
				GCC_NO_COMMON_BLOCKS = YES;
				GCC_OPTIMIZATION_LEVEL = 0;
				GCC_PREPROCESSOR_DEFINITIONS = (
					"DEBUG=1",
					"$(inherited)",
				);
				GCC_WARN_64_TO_32_BIT_CONVERSION = YES;
				GCC_WARN_ABOUT_RETURN_TYPE = YES_ERROR;
				GCC_WARN_UNDECLARED_SELECTOR = YES;
				GCC_WARN_UNINITIALIZED_AUTOS = YES_AGGRESSIVE;
				GCC_WARN_UNUSED_FUNCTION = YES;
				GCC_WARN_UNUSED_VARIABLE = YES;
				IPHONEOS_DEPLOYMENT_TARGET = 9.2;
				MTL_ENABLE_DEBUG_INFO = YES;
				ONLY_ACTIVE_ARCH = YES;
				SDKROOT = iphoneos;
				TARGETED_DEVICE_FAMILY = "1,2";
			};
			name = Debug;
		};
		928AEEBF1CC4731C009DBC1B /* Release */ = {
			isa = XCBuildConfiguration;
			buildSettings = {
				ALWAYS_SEARCH_USER_PATHS = NO;
				CLANG_CXX_LANGUAGE_STANDARD = "gnu++0x";
				CLANG_CXX_LIBRARY = "libc++";
				CLANG_ENABLE_MODULES = YES;
				CLANG_ENABLE_OBJC_ARC = YES;
				CLANG_WARN_BOOL_CONVERSION = YES;
				CLANG_WARN_CONSTANT_CONVERSION = YES;
				CLANG_WARN_DIRECT_OBJC_ISA_USAGE = YES_ERROR;
				CLANG_WARN_EMPTY_BODY = YES;
				CLANG_WARN_ENUM_CONVERSION = YES;
				CLANG_WARN_INT_CONVERSION = YES;
				CLANG_WARN_OBJC_ROOT_CLASS = YES_ERROR;
				CLANG_WARN_UNREACHABLE_CODE = YES;
				CLANG_WARN__DUPLICATE_METHOD_MATCH = YES;
				"CODE_SIGN_IDENTITY[sdk=iphoneos*]" = "iPhone Developer";
				COPY_PHASE_STRIP = NO;
				DEBUG_INFORMATION_FORMAT = "dwarf-with-dsym";
				ENABLE_NS_ASSERTIONS = NO;
				ENABLE_STRICT_OBJC_MSGSEND = YES;
				GCC_C_LANGUAGE_STANDARD = gnu99;
				GCC_NO_COMMON_BLOCKS = YES;
				GCC_WARN_64_TO_32_BIT_CONVERSION = YES;
				GCC_WARN_ABOUT_RETURN_TYPE = YES_ERROR;
				GCC_WARN_UNDECLARED_SELECTOR = YES;
				GCC_WARN_UNINITIALIZED_AUTOS = YES_AGGRESSIVE;
				GCC_WARN_UNUSED_FUNCTION = YES;
				GCC_WARN_UNUSED_VARIABLE = YES;
				IPHONEOS_DEPLOYMENT_TARGET = 9.2;
				MTL_ENABLE_DEBUG_INFO = NO;
				SDKROOT = iphoneos;
				TARGETED_DEVICE_FAMILY = "1,2";
				VALIDATE_PRODUCT = YES;
			};
			name = Release;
		};
		928AEEC11CC4731C009DBC1B /* Debug */ = {
			isa = XCBuildConfiguration;
			buildSettings = {
				ASSETCATALOG_COMPILER_APPICON_NAME = AppIcon;
				INFOPLIST_FILE = WXSRuntime/Info.plist;
				LD_RUNPATH_SEARCH_PATHS = "$(inherited) @executable_path/Frameworks";
				PRODUCT_BUNDLE_IDENTIFIER = WSX.WXSRuntime;
				PRODUCT_NAME = "$(TARGET_NAME)";
			};
			name = Debug;
		};
		928AEEC21CC4731C009DBC1B /* Release */ = {
			isa = XCBuildConfiguration;
			buildSettings = {
				ASSETCATALOG_COMPILER_APPICON_NAME = AppIcon;
				INFOPLIST_FILE = WXSRuntime/Info.plist;
				LD_RUNPATH_SEARCH_PATHS = "$(inherited) @executable_path/Frameworks";
				PRODUCT_BUNDLE_IDENTIFIER = WSX.WXSRuntime;
				PRODUCT_NAME = "$(TARGET_NAME)";
			};
			name = Release;
		};
		928AEEC41CC4731C009DBC1B /* Debug */ = {
			isa = XCBuildConfiguration;
			buildSettings = {
				BUNDLE_LOADER = "$(TEST_HOST)";
				INFOPLIST_FILE = WXSRuntimeTests/Info.plist;
				LD_RUNPATH_SEARCH_PATHS = "$(inherited) @executable_path/Frameworks @loader_path/Frameworks";
				PRODUCT_BUNDLE_IDENTIFIER = WSX.WXSRuntimeTests;
				PRODUCT_NAME = "$(TARGET_NAME)";
				TEST_HOST = "$(BUILT_PRODUCTS_DIR)/WXSRuntime.app/WXSRuntime";
			};
			name = Debug;
		};
		928AEEC51CC4731C009DBC1B /* Release */ = {
			isa = XCBuildConfiguration;
			buildSettings = {
				BUNDLE_LOADER = "$(TEST_HOST)";
				INFOPLIST_FILE = WXSRuntimeTests/Info.plist;
				LD_RUNPATH_SEARCH_PATHS = "$(inherited) @executable_path/Frameworks @loader_path/Frameworks";
				PRODUCT_BUNDLE_IDENTIFIER = WSX.WXSRuntimeTests;
				PRODUCT_NAME = "$(TARGET_NAME)";
				TEST_HOST = "$(BUILT_PRODUCTS_DIR)/WXSRuntime.app/WXSRuntime";
			};
			name = Release;
		};
		928AEEC71CC4731C009DBC1B /* Debug */ = {
			isa = XCBuildConfiguration;
			buildSettings = {
				INFOPLIST_FILE = WXSRuntimeUITests/Info.plist;
				LD_RUNPATH_SEARCH_PATHS = "$(inherited) @executable_path/Frameworks @loader_path/Frameworks";
				PRODUCT_BUNDLE_IDENTIFIER = WSX.WXSRuntimeUITests;
				PRODUCT_NAME = "$(TARGET_NAME)";
				TEST_TARGET_NAME = WXSRuntime;
				USES_XCTRUNNER = YES;
			};
			name = Debug;
		};
		928AEEC81CC4731C009DBC1B /* Release */ = {
			isa = XCBuildConfiguration;
			buildSettings = {
				INFOPLIST_FILE = WXSRuntimeUITests/Info.plist;
				LD_RUNPATH_SEARCH_PATHS = "$(inherited) @executable_path/Frameworks @loader_path/Frameworks";
				PRODUCT_BUNDLE_IDENTIFIER = WSX.WXSRuntimeUITests;
				PRODUCT_NAME = "$(TARGET_NAME)";
				TEST_TARGET_NAME = WXSRuntime;
				USES_XCTRUNNER = YES;
			};
			name = Release;
		};
/* End XCBuildConfiguration section */

/* Begin XCConfigurationList section */
		928AEE8E1CC4731C009DBC1B /* Build configuration list for PBXProject "WXSRuntime" */ = {
			isa = XCConfigurationList;
			buildConfigurations = (
				928AEEBE1CC4731C009DBC1B /* Debug */,
				928AEEBF1CC4731C009DBC1B /* Release */,
			);
			defaultConfigurationIsVisible = 0;
			defaultConfigurationName = Release;
		};
		928AEEC01CC4731C009DBC1B /* Build configuration list for PBXNativeTarget "WXSRuntime" */ = {
			isa = XCConfigurationList;
			buildConfigurations = (
				928AEEC11CC4731C009DBC1B /* Debug */,
				928AEEC21CC4731C009DBC1B /* Release */,
			);
			defaultConfigurationIsVisible = 0;
			defaultConfigurationName = Release;
		};
		928AEEC31CC4731C009DBC1B /* Build configuration list for PBXNativeTarget "WXSRuntimeTests" */ = {
			isa = XCConfigurationList;
			buildConfigurations = (
				928AEEC41CC4731C009DBC1B /* Debug */,
				928AEEC51CC4731C009DBC1B /* Release */,
			);
			defaultConfigurationIsVisible = 0;
			defaultConfigurationName = Release;
		};
		928AEEC61CC4731C009DBC1B /* Build configuration list for PBXNativeTarget "WXSRuntimeUITests" */ = {
			isa = XCConfigurationList;
			buildConfigurations = (
				928AEEC71CC4731C009DBC1B /* Debug */,
				928AEEC81CC4731C009DBC1B /* Release */,
			);
			defaultConfigurationIsVisible = 0;
			defaultConfigurationName = Release;
		};
/* End XCConfigurationList section */
	};
	rootObject = 928AEE8B1CC4731C009DBC1B /* Project object */;
}
